{
	archiveVersion = 1;
	classes = {
	};
	objectVersion = 46;
	objects = {

/* Begin PBXBuildFile section */
		EATXYFTRLYP26NXW48EDZ0LF /* Foundation.framework in Frameworks */ = {isa = PBXBuildFile; fileRef = MM4V4S4X8U5WK0EHWAHCOB34; };
		A9EXL8P5FFFP12CISQOUFHEM /* MapKit.framework in Frameworks */ = {isa = PBXBuildFile; fileRef = DWGN0NF0WXRYRKKISXWBTG62; };
		4POHQFDBAWIT6NUKB19LLS6H /* AppDelegate.m in Sources */ = {isa = PBXBuildFile; fileRef = XF9OOWB0X9I9L49X25I00QD4; };
		FOL1T2U3G65VFJSZIE80LPRT /* Array.m in Sources */ = {isa = PBXBuildFile; fileRef = BEOBW6XEBFARXB3U08JZMANN; };
		PHY4LV2KFHBSC25E3OG2NN08 /* CustomMapView.m in Sources */ = {isa = PBXBuildFile; fileRef = 7WQYLFP27IPNCQDTF8I6ZXY8; };
		KU35PB0XFG8C1W82M9Z4U7CG /* HelloWorld.m in Sources */ = {isa = PBXBuildFile; fileRef = 4BXZ1UAWBH51Q2BI0RTB0XP9; };
		57SH41338HRCJKUE06KHWFN4 /* String.m in Sources */ = {isa = PBXBuildFile; fileRef = JPR3NDN54IUGQPNPORTF65S1; };
		BRVG13BGFYC1HPEDWX9A4DH7 /* Log.m in Sources */ = {isa = PBXBuildFile; fileRef = IYN8VUFZBCNZFF8A0FNL380K; };
		V3V5AKHAXN9Z7XF6JZM39EDL /* haxe in Resources */ = {isa = PBXBuildFile; fileRef = 68DDF6IG7115JOOL97NNWZLP; };
		YELNW2FA3DEPRWE4IGRBL0V1 /* InfoPlist.strings in Resources */ = {isa = PBXBuildFile; fileRef = MUWML90P2BNPQNZIFIG233WO /* InfoPlist.strings */; };
		ZOXV9QO74YWS9V7SJ6HEVHCY /* InfoPlist.strings in Resources */ = {isa = PBXBuildFile; fileRef = ZX24YAUW170DH7S6EYK5H2EJ /* InfoPlist.strings */; };
		FOFWOXR2027GN08XP5UDFTDV /* main.m in Sources */ = {isa = PBXBuildFile; fileRef = A93E7VC8Z9BG7UBBI4TOQRYZ /* main.m */; };
/* End PBXBuildFile section */

/* Begin PBXContainerItemProxy section */
		OBQH2VWDG3PJEWZALIW3QDDG /* PBXContainerItemProxy */ = {
			isa = PBXContainerItemProxy;
			containerPortal = C9EYEHU64ZL55TF2MYRVMQFF /* Project object */;
			proxyType = 1;
			remoteGlobalIDString = 3HBJ3A556HRG2LBG3I2J6PNI;
			remoteInfo = HelloWorld;
		};
/* End PBXContainerItemProxy section */


/* Begin PBXFileReference section */
		MM4V4S4X8U5WK0EHWAHCOB34 /* Foundation.framework */ = {isa = PBXFileReference; lastKnownFileType = wrapper.framework; name = Foundation.framework; path = System/Library/Frameworks/Foundation.framework; sourceTree = SDKROOT; };
		DWGN0NF0WXRYRKKISXWBTG62 /* MapKit.framework */ = {isa = PBXFileReference; lastKnownFileType = wrapper.framework; name = MapKit.framework; path = System/Library/Frameworks/MapKit.framework; sourceTree = SDKROOT; };
		XF9OOWB0X9I9L49X25I00QD4 /* AppDelegate.m */ = {isa = PBXFileReference; lastKnownFileType = sourcecode.c.objc; path = AppDelegate.m; sourceTree = "<group>"; };
		J58KG2LEWUUSTFDINY9XPOEE /* AppDelegate.h */ = {isa = PBXFileReference; lastKnownFileType = sourcecode.c.h; path = AppDelegate.h; sourceTree = "<group>"; };
		BEOBW6XEBFARXB3U08JZMANN /* Array.m */ = {isa = PBXFileReference; lastKnownFileType = sourcecode.c.objc; path = Array.m; sourceTree = "<group>"; };
		7RQNDOMIPQW47N1ONFCB7C79 /* Array.h */ = {isa = PBXFileReference; lastKnownFileType = sourcecode.c.h; path = Array.h; sourceTree = "<group>"; };
		7WQYLFP27IPNCQDTF8I6ZXY8 /* CustomMapView.m */ = {isa = PBXFileReference; lastKnownFileType = sourcecode.c.objc; path = CustomMapView.m; sourceTree = "<group>"; };
		R9BTDQW3WN1K3B1YM0DO64NC /* CustomMapView.h */ = {isa = PBXFileReference; lastKnownFileType = sourcecode.c.h; path = CustomMapView.h; sourceTree = "<group>"; };
		4BXZ1UAWBH51Q2BI0RTB0XP9 /* HelloWorld.m */ = {isa = PBXFileReference; lastKnownFileType = sourcecode.c.objc; path = HelloWorld.m; sourceTree = "<group>"; };
		7BOH5PTHVC0I0VA33G9PBLZN /* HelloWorld.h */ = {isa = PBXFileReference; lastKnownFileType = sourcecode.c.h; path = HelloWorld.h; sourceTree = "<group>"; };
		JPR3NDN54IUGQPNPORTF65S1 /* String.m */ = {isa = PBXFileReference; lastKnownFileType = sourcecode.c.objc; path = String.m; sourceTree = "<group>"; };
		UU41L59C9ASJOONEFIV0JUBU /* String.h */ = {isa = PBXFileReference; lastKnownFileType = sourcecode.c.h; path = String.h; sourceTree = "<group>"; };
		IYN8VUFZBCNZFF8A0FNL380K /* haxe/Log.m */ = {isa = PBXFileReference; lastKnownFileType = sourcecode.c.objc; name = Log.m; path = HelloWorld/haxe/Log.m; sourceTree = SOURCE_ROOT; };
		FYJETAJQQCV7ZKCSBD3RZMMY /* haxe/Log.h */ = {isa = PBXFileReference; lastKnownFileType = sourcecode.c.h; name = Log.h; path = HelloWorld/haxe/Log.h; sourceTree = SOURCE_ROOT; };
		68DDF6IG7115JOOL97NNWZLP /* haxe/ */ = {isa = PBXFileReference; lastKnownFileType = folder; path = haxe; sourceTree = "<group>"; };
		EUA5PZ34FM7C5SI44BHOYD7N /* en */ = {isa = PBXFileReference; lastKnownFileType = text.plist.strings; name = en; path = en.lproj/InfoPlist.strings; sourceTree = "<group>"; };
		JRFRXY9GPNLF9N9NV7FBLDPP /* en */ = {isa = PBXFileReference; lastKnownFileType = text.plist.strings; name = en; path = en.lproj/InfoPlist.strings; sourceTree = "<group>"; };
		WFBECZ7F4T8YNAUV4BT4CW91 /* HelloWorld-Info.plist */ = {isa = PBXFileReference; lastKnownFileType = text.plist.xml; path = "HelloWorld-Info.plist"; sourceTree = "<group>"; };
		FXR7HOFS2ZO6C8OS06XIT912 /* HelloWorld-Prefix.pch */ = {isa = PBXFileReference; lastKnownFileType = sourcecode.c.h; path = "HelloWorld-Prefix.pch"; sourceTree = "<group>"; };
		A93E7VC8Z9BG7UBBI4TOQRYZ /* main.m */ = {isa = PBXFileReference; lastKnownFileType = sourcecode.c.objc; path = main.m; sourceTree = "<group>"; };
		VWDBNXT6VTFOO1Y9W24XGD4J /* HelloWorld.app */ = {isa = PBXFileReference; explicitFileType = wrapper.application; includeInIndex = 0; path = HelloWorld.app; sourceTree = BUILT_PRODUCTS_DIR; };
		GFR78E839MCKFXWER35ZUS20 /* HelloWorldTests.octest */ = {isa = PBXFileReference; explicitFileType = wrapper.cfbundle; includeInIndex = 0; path = HelloWorldTests.octest; sourceTree = BUILT_PRODUCTS_DIR; };
/* End PBXFileReference section */


/* Begin PBXFrameworksBuildPhase section */
		DSOMGGL2F92THWR3B2BTUY60 /* Frameworks */ = {
			isa = PBXFrameworksBuildPhase;
			buildActionMask = 2147483647;
			files = (
				EATXYFTRLYP26NXW48EDZ0LF /* Foundation.framework in Frameworks */,
				A9EXL8P5FFFP12CISQOUFHEM /* MapKit.framework in Frameworks */,
			);
			runOnlyForDeploymentPostprocessing = 0;
		};
		7GQ67U0W3HNMFPPKDXZODC8D /* Frameworks */ = {
			isa = PBXFrameworksBuildPhase;
			buildActionMask = 2147483647;
			files = (
				EATXYFTRLYP26NXW48EDZ0LF /* Foundation.framework in Frameworks */,
				A9EXL8P5FFFP12CISQOUFHEM /* MapKit.framework in Frameworks */,
			);
			runOnlyForDeploymentPostprocessing = 0;
		};
/* End PBXFrameworksBuildPhase section */

/* Begin PBXGroup section */
		GAAA1MPO854BB5YQTB7GBDXE = {
			isa = PBXGroup;
			children = (
				0CM22T6IGEE219PC66OGKE2U /* HelloWorld */,
				W5DUHF8LTU5FJF2L2JV88XGT /* HelloWorldTests */,
				QNCIQISLNP74BKZ1MKW2E1UZ /* Frameworks */,
				34IJ86ZBRWU3FER71HOBI6BY /* Products */,
			);
			sourceTree = "<group>";
		};
		34IJ86ZBRWU3FER71HOBI6BY /* Products */ = {
			isa = PBXGroup;
			children = (
				VWDBNXT6VTFOO1Y9W24XGD4J /* HelloWorld.app */,
				GFR78E839MCKFXWER35ZUS20 /* HelloWorldTests.octest */,
			);
			name = Products;
			sourceTree = "<group>";
		};
		QNCIQISLNP74BKZ1MKW2E1UZ /* Frameworks */ = {
			isa = PBXGroup;
			children = (
				MM4V4S4X8U5WK0EHWAHCOB34 /* Foundation.framework in Frameworks */,
				DWGN0NF0WXRYRKKISXWBTG62 /* MapKit.framework in Frameworks */,
			);
			name = Frameworks;
			sourceTree = "<group>";
		};
		0CM22T6IGEE219PC66OGKE2U /* HelloWorld */ = {
			isa = PBXGroup;
			children = (
				XF9OOWB0X9I9L49X25I00QD4 /* AppDelegate.m */,
				J58KG2LEWUUSTFDINY9XPOEE /* AppDelegate.h */,
				BEOBW6XEBFARXB3U08JZMANN /* Array.m */,
				7RQNDOMIPQW47N1ONFCB7C79 /* Array.h */,
				7WQYLFP27IPNCQDTF8I6ZXY8 /* CustomMapView.m */,
				R9BTDQW3WN1K3B1YM0DO64NC /* CustomMapView.h */,
				4BXZ1UAWBH51Q2BI0RTB0XP9 /* HelloWorld.m */,
				7BOH5PTHVC0I0VA33G9PBLZN /* HelloWorld.h */,
				JPR3NDN54IUGQPNPORTF65S1 /* String.m */,
				UU41L59C9ASJOONEFIV0JUBU /* String.h */,
				68DDF6IG7115JOOL97NNWZLP /* haxe/ */,
				UE1YMJ8HQ3L7ZOL194C7OZUN /* Supporting Files */,
			);
			path = HelloWorld;
			sourceTree = "<group>";
		};
		UE1YMJ8HQ3L7ZOL194C7OZUN /* Supporting Files */ = {
			isa = PBXGroup;
			children = (
				WFBECZ7F4T8YNAUV4BT4CW91 /* HelloWorld-Info.plist */,
				MUWML90P2BNPQNZIFIG233WO /* InfoPlist.strings */,
				A93E7VC8Z9BG7UBBI4TOQRYZ /* main.m */,
				FXR7HOFS2ZO6C8OS06XIT912 /* HelloWorld-Prefix.pch */,
			);
			name = "Supporting Files";
			sourceTree = "<group>";
		};
		W5DUHF8LTU5FJF2L2JV88XGT /* HelloWorldTests */ = {
			isa = PBXGroup;
			children = (
				/* 28BFDA091628A95900882B34 HelloWorldTests.h ,*/
				/* 28BFDA0A1628A95900882B34 HelloWorldTests.m ,*/
				5WU5B9UZFZNKWHPJYZB13ZO9 /* Supporting Files */,
			);
			path = HelloWorldTests;
			sourceTree = "<group>";
		};
		5WU5B9UZFZNKWHPJYZB13ZO9 /* Supporting Files */ = {
			isa = PBXGroup;
			children = (
				/* 28BFDA051628A95900882B34 HelloWorldTests-Info.plist ,*/
				ZX24YAUW170DH7S6EYK5H2EJ /* InfoPlist.strings */,
			);
			name = "Supporting Files";
			sourceTree = "<group>";
		};
/* End PBXGroup section */

/* Begin PBXNativeTarget section */
		3HBJ3A556HRG2LBG3I2J6PNI /* HelloWorld */ = {
			isa = PBXNativeTarget;
			buildConfigurationList = OTCGRXAIWIPUTCBAE4YDMVNS /* Build configuration list for PBXNativeTarget "HelloWorld" */;
			buildPhases = (
				RU5NWW8B6M8YT2XA6CJ0WJS9 /* Sources */,
				DSOMGGL2F92THWR3B2BTUY60 /* Frameworks */,
				V7GGJZM6G8RNP9MY9E22ZCDF /* Resources */,
			);
			buildRules = (
			);
			dependencies = (
			);
			name = HelloWorld;
			productName = HelloWorld;
			productReference = VWDBNXT6VTFOO1Y9W24XGD4J /* HelloWorld.app */;
			productType = "com.apple.product-type.application";
		};
		3EX6G1E1G7ATK5AA0WVZZ1MU /* HelloWorldTests */ = {
			isa = PBXNativeTarget;
			buildConfigurationList = HWGDDFEY0PUMZVHO71QE3DJZ /* Build configuration list for PBXNativeTarget "HelloWorldTests" */;
			buildPhases = (
				021R2QJCDKS7JDOLGV2ZAAC9 /* Sources */,
				7GQ67U0W3HNMFPPKDXZODC8D /* Frameworks */,
				4DWYPMN17CSL4NGEKFW7W9RI /* Resources */,
				F5SPI6ZRKZQ79RYOK57GTNQG /* ShellScript */,
			);
			buildRules = (
			);
			dependencies = (
				WQQBZYWHXXVA9E2W5Y2CYZS5 /* PBXTargetDependency */,
			);
			name = HelloWorldTests;
			productName = HelloWorldTests;
			productReference = GFR78E839MCKFXWER35ZUS20 /* HelloWorldTests.octest */;
			productType = "com.apple.product-type.bundle";
		};
/* End PBXNativeTarget section */

/* Begin PBXProject section */
		C9EYEHU64ZL55TF2MYRVMQFF /* Project object */ = {
			isa = PBXProject;
			attributes = {
				LastUpgradeCheck = 0450;
				ORGANIZATIONNAME = "You";
			};
			buildConfigurationList = SL5E7HTQAB0ETL8TQ7EUZKL4 /* Build configuration list for PBXProject "HelloWorld" */;
			compatibilityVersion = "Xcode 3.2";
			developmentRegion = English;
			hasScannedForEncodings = 0;
			knownRegions = (
				en,
			);
			mainGroup = GAAA1MPO854BB5YQTB7GBDXE;
			productRefGroup = 34IJ86ZBRWU3FER71HOBI6BY /* Products */;
			projectDirPath = "";
			projectRoot = "";
			targets = (
				3HBJ3A556HRG2LBG3I2J6PNI /* HelloWorld */,
				3EX6G1E1G7ATK5AA0WVZZ1MU /* HelloWorldTests */,
			);
		};
/* End PBXProject section */

/* Begin PBXResourcesBuildPhase section */
		V7GGJZM6G8RNP9MY9E22ZCDF /* Resources */ = {
			isa = PBXResourcesBuildPhase;
			buildActionMask = 2147483647;
			files = (
				YELNW2FA3DEPRWE4IGRBL0V1 /* InfoPlist.strings in Resources */,
		V3V5AKHAXN9Z7XF6JZM39EDL /* haxe/ in Resoures */,
			);
			runOnlyForDeploymentPostprocessing = 0;
		};
		4DWYPMN17CSL4NGEKFW7W9RI /* Resources */ = {
			isa = PBXResourcesBuildPhase;
			buildActionMask = 2147483647;
			files = (
				ZOXV9QO74YWS9V7SJ6HEVHCY /* InfoPlist.strings in Resources */,
			);
			runOnlyForDeploymentPostprocessing = 0;
		};
/* End PBXResourcesBuildPhase section */

/* Begin PBXShellScriptBuildPhase section */
		F5SPI6ZRKZQ79RYOK57GTNQG /* ShellScript */ = {
			isa = PBXShellScriptBuildPhase;
			buildActionMask = 2147483647;
			files = (
			);
			inputPaths = (
			);
			outputPaths = (
			);
			runOnlyForDeploymentPostprocessing = 0;
			shellPath = /bin/sh;
			shellScript = "# Run the unit tests in this test bundle.\
\"${SYSTEM_DEVELOPER_DIR}/Tools/RunUnitTests\"\
";
		};
/* End PBXShellScriptBuildPhase section */

/* Begin PBXSourcesBuildPhase section */
		RU5NWW8B6M8YT2XA6CJ0WJS9 /* Sources */ = {
			isa = PBXSourcesBuildPhase;
			buildActionMask = 2147483647;
			files = (
FOFWOXR2027GN08XP5UDFTDV /* main.m in Sources */,
				4POHQFDBAWIT6NUKB19LLS6H /* AppDelegate.m in Sources */,
				FOL1T2U3G65VFJSZIE80LPRT /* Array.m in Sources */,
				PHY4LV2KFHBSC25E3OG2NN08 /* CustomMapView.m in Sources */,
				KU35PB0XFG8C1W82M9Z4U7CG /* HelloWorld.m in Sources */,
				57SH41338HRCJKUE06KHWFN4 /* String.m in Sources */,
				BRVG13BGFYC1HPEDWX9A4DH7 /* haxe/Log.m in Sources */,
			);
			runOnlyForDeploymentPostprocessing = 0;
		};
		021R2QJCDKS7JDOLGV2ZAAC9 /* Sources */ = {
			isa = PBXSourcesBuildPhase;
			buildActionMask = 2147483647;
			files = (
				/* 28BFDA0B1628A95900882B34  HelloWorldTests.m in Sources ,*/
			);
			runOnlyForDeploymentPostprocessing = 0;
		};
/* End PBXSourcesBuildPhase section */

/* Begin PBXTargetDependency section */
		WQQBZYWHXXVA9E2W5Y2CYZS5 /* PBXTargetDependency */ = {
			isa = PBXTargetDependency;
			target = 3HBJ3A556HRG2LBG3I2J6PNI /* HelloWorld */;
			targetProxy = OBQH2VWDG3PJEWZALIW3QDDG /* PBXContainerItemProxy */;
		};
/* End PBXTargetDependency section */

/* Begin PBXVariantGroup section */
		MUWML90P2BNPQNZIFIG233WO /* InfoPlist.strings */ = {
			isa = PBXVariantGroup;
			children = (
				EUA5PZ34FM7C5SI44BHOYD7N /* en */,
			);
			name = InfoPlist.strings;
			sourceTree = "<group>";
		};
		ZX24YAUW170DH7S6EYK5H2EJ /* InfoPlist.strings */ = {
			isa = PBXVariantGroup;
			children = (
				JRFRXY9GPNLF9N9NV7FBLDPP /* en */,
			);
			name = InfoPlist.strings;
			sourceTree = "<group>";
		};
/* End PBXVariantGroup section */

/* Begin XCBuildConfiguration section */
		4HAE9DQ1STBOOD03DARTAQKD /* Debug */ = {
			isa = XCBuildConfiguration;
			buildSettings = {
				ALWAYS_SEARCH_USER_PATHS = NO;
				CLANG_CXX_LANGUAGE_STANDARD = "gnu++0x";
				CLANG_CXX_LIBRARY = "libc++";
				CLANG_ENABLE_OBJC_ARC = YES;
				CLANG_WARN_EMPTY_BODY = YES;
				CLANG_WARN__DUPLICATE_METHOD_MATCH = YES;
				"CODE_SIGN_IDENTITY[sdk=iphoneos*]" = "iPhone Developer";
				COPY_PHASE_STRIP = NO;
				GCC_C_LANGUAGE_STANDARD = gnu99;
				GCC_DYNAMIC_NO_PIC = NO;
				GCC_OPTIMIZATION_LEVEL = 0;
				GCC_PREPROCESSOR_DEFINITIONS = (
					"DEBUG=1",
					"$(inherited)",
				);
				GCC_SYMBOLS_PRIVATE_EXTERN = NO;
				GCC_WARN_ABOUT_RETURN_TYPE = YES;
				GCC_WARN_UNINITIALIZED_AUTOS = YES;
				GCC_WARN_UNUSED_VARIABLE = YES;
				IPHONEOS_DEPLOYMENT_TARGET = 6.0;
				ONLY_ACTIVE_ARCH = YES;
				SDKROOT = iphoneos;
			};
			name = Debug;
		};
		CWRD40WP0DBE3BD9SRHIYCMQ /* Release */ = {
			isa = XCBuildConfiguration;
			buildSettings = {
				ALWAYS_SEARCH_USER_PATHS = NO;
				CLANG_CXX_LANGUAGE_STANDARD = "gnu++0x";
				CLANG_CXX_LIBRARY = "libc++";
				CLANG_ENABLE_OBJC_ARC = YES;
				CLANG_WARN_EMPTY_BODY = YES;
				CLANG_WARN__DUPLICATE_METHOD_MATCH = YES;
				"CODE_SIGN_IDENTITY[sdk=iphoneos*]" = "iPhone Developer";
				COPY_PHASE_STRIP = YES;
				GCC_C_LANGUAGE_STANDARD = gnu99;
				GCC_WARN_ABOUT_RETURN_TYPE = YES;
				GCC_WARN_UNINITIALIZED_AUTOS = YES;
				GCC_WARN_UNUSED_VARIABLE = YES;
				IPHONEOS_DEPLOYMENT_TARGET = 6.0;
				OTHER_CFLAGS = "-DNS_BLOCK_ASSERTIONS=1";
				SDKROOT = iphoneos;
				VALIDATE_PRODUCT = YES;
			};
			name = Release;
		};
		9NGIT7KBWHT10D0LR6HFYG09 /* Debug */ = {
			isa = XCBuildConfiguration;
			buildSettings = {
				CODE_SIGN_IDENTITY = "iPhone Developer";
				GCC_PRECOMPILE_PREFIX_HEADER = YES;
				GCC_PREFIX_HEADER = "HelloWorld/HelloWorld-Prefix.pch";
				INFOPLIST_FILE = "HelloWorld/HelloWorld-Info.plist";
				PRODUCT_NAME = "$(TARGET_NAME)";
				PROVISIONING_PROFILE = "";
				WRAPPER_EXTENSION = app;
			};
			name = Debug;
		};
		DPDBP7O61B6ID6W8V6MMLS93 /* Release */ = {
			isa = XCBuildConfiguration;
			buildSettings = {
				GCC_PRECOMPILE_PREFIX_HEADER = YES;
				GCC_PREFIX_HEADER = "HelloWorld/HelloWorld-Prefix.pch";
				INFOPLIST_FILE = "HelloWorld/HelloWorld-Info.plist";
				PRODUCT_NAME = "$(TARGET_NAME)";
				WRAPPER_EXTENSION = app;
			};
			name = Release;
		};
		DKSBZT2PF5GJR21XBFMPP3RG /* Debug */ = {
			isa = XCBuildConfiguration;
			buildSettings = {
				BUNDLE_LOADER = "$(BUILT_PRODUCTS_DIR)/HelloWorld.app/HelloWorld";
				FRAMEWORK_SEARCH_PATHS = (
					"\"$(SDKROOT)/Developer/Library/Frameworks\"",
					"\"$(DEVELOPER_LIBRARY_DIR)/Frameworks\"",
				);
				GCC_PRECOMPILE_PREFIX_HEADER = YES;
				GCC_PREFIX_HEADER = "HelloWorld/HelloWorld-Prefix.pch";
				INFOPLIST_FILE = "HelloWorldTests/HelloWorldTests-Info.plist";
				PRODUCT_NAME = "$(TARGET_NAME)";
				TEST_HOST = "$(BUNDLE_LOADER)";
				WRAPPER_EXTENSION = octest;
			};
			name = Debug;
		};
		VDBLCQSH07KL4DT5ZQ165IPY /* Release */ = {
			isa = XCBuildConfiguration;
			buildSettings = {
				BUNDLE_LOADER = "$(BUILT_PRODUCTS_DIR)/HelloWorld.app/HelloWorld";
				FRAMEWORK_SEARCH_PATHS = (
					"\"$(SDKROOT)/Developer/Library/Frameworks\"",
					"\"$(DEVELOPER_LIBRARY_DIR)/Frameworks\"",
				);
				GCC_PRECOMPILE_PREFIX_HEADER = YES;
				GCC_PREFIX_HEADER = "HelloWorld/HelloWorld-Prefix.pch";
				INFOPLIST_FILE = "HelloWorldTests/HelloWorldTests-Info.plist";
				PRODUCT_NAME = "$(TARGET_NAME)";
				TEST_HOST = "$(BUNDLE_LOADER)";
				WRAPPER_EXTENSION = octest;
			};
			name = Release;
		};
/* End XCBuildConfiguration section */

/* Begin XCConfigurationList section */
		SL5E7HTQAB0ETL8TQ7EUZKL4 /* Build configuration list for PBXProject "HelloWorld" */ = {
			isa = XCConfigurationList;
			buildConfigurations = (
				4HAE9DQ1STBOOD03DARTAQKD /* Debug */,
				CWRD40WP0DBE3BD9SRHIYCMQ /* Release */,
			);
			defaultConfigurationIsVisible = 0;
			defaultConfigurationName = Release;
		};
		OTCGRXAIWIPUTCBAE4YDMVNS /* Build configuration list for PBXNativeTarget "HelloWorld" */ = {
			isa = XCConfigurationList;
			buildConfigurations = (
				9NGIT7KBWHT10D0LR6HFYG09 /* Debug */,
				DPDBP7O61B6ID6W8V6MMLS93 /* Release */,
			);
			defaultConfigurationIsVisible = 0;
			defaultConfigurationName = Release;
		};
		HWGDDFEY0PUMZVHO71QE3DJZ /* Build configuration list for PBXNativeTarget "HelloWorldTests" */ = {
			isa = XCConfigurationList;
			buildConfigurations = (
				DKSBZT2PF5GJR21XBFMPP3RG /* Debug */,
				VDBLCQSH07KL4DT5ZQ165IPY /* Release */,
			);
			defaultConfigurationIsVisible = 0;
			defaultConfigurationName = Release;
		};
/* End XCConfigurationList section */
	};
	rootObject = C9EYEHU64ZL55TF2MYRVMQFF /* Project object */;
}
