{
	archiveVersion = 1;
	classes = {
	};
	objectVersion = 46;
	objects = {

/* Begin PBXBuildFile section */
		RXX37TNYUO0LTJ31CTYY6VSU /* Foundation.framework in Frameworks */ = {isa = PBXBuildFile; fileRef = FSFQ6OID39QXL3XS0MCTCOUX; };
		YYIO1HRPCJIVX09VU1YM6Y3O /* MapKit.framework in Frameworks */ = {isa = PBXBuildFile; fileRef = EDHPGG06AGMDZ68YWB6JXWUZ; };
		WQKHW495ESQAUSXUB1XLDRDY /* AppDelegate.m in Sources */ = {isa = PBXBuildFile; fileRef = E6RRWD4N9E6FGH576PALPTKQ; };
		OUC59MXNCKCZNA4VOY8TV4CL /* Array.m in Sources */ = {isa = PBXBuildFile; fileRef = O7CEOK22HI5DWCUPR18PK49K; };
		M3ZX2ULCIM4LZWSFX3559XF5 /* CustomMapView.m in Sources */ = {isa = PBXBuildFile; fileRef = FKUY092HANH05KRUH37E74G4; };
		MPG9VW93IUNKGQQIDRPM6443 /* HelloWorld.m in Sources */ = {isa = PBXBuildFile; fileRef = SSFM6ZO7CPL9WU7VVPUODUF0; };
		79A4O4KV08LSK5IXUL5RB0NX /* String.m in Sources */ = {isa = PBXBuildFile; fileRef = JN6N3KHINAJUR34O9CYIWCIN; };
		OJEA3F60YEHUKTQEM7ISCSIA /* Log.m in Sources */ = {isa = PBXBuildFile; fileRef = 92YSMMVL1MBTYDZPFKRGP2YW; };
		BTB7RRVYX9YK7782S5CUE2DF /* haxe in Resources */ = {isa = PBXBuildFile; fileRef = 4PVPO2OHHENXSB49JZ02BQOL; };
		QIRSW8KI600TJBTBUZ2294RG /* InfoPlist.strings in Resources */ = {isa = PBXBuildFile; fileRef = ILIEFWGGNAAG196RV0DCWHPC /* InfoPlist.strings */; };
		CXHFPY77B3PO3T60JJV9HP1P /* InfoPlist.strings in Resources */ = {isa = PBXBuildFile; fileRef = SXWONZEVL4I6T6R2UF3YYTY4 /* InfoPlist.strings */; };
		PZHEQG5C0TDOWIE5OLJYIZB5 /* main.m in Sources */ = {isa = PBXBuildFile; fileRef = O9X4S8JGALJ164NOX4JOE91J /* main.m */; };
/* End PBXBuildFile section */

/* Begin PBXContainerItemProxy section */
		G9A7XE07HGJXTU6QZ2ZWKMA6 /* PBXContainerItemProxy */ = {
			isa = PBXContainerItemProxy;
			containerPortal = UIB6S2WIN1M7ILAQ6WYO70U6 /* Project object */;
			proxyType = 1;
			remoteGlobalIDString = 3XRQBMIIMRVT7LWZ9TMLQ6RY;
			remoteInfo = HelloWorld;
		};
/* End PBXContainerItemProxy section */


/* Begin PBXFileReference section */
		FSFQ6OID39QXL3XS0MCTCOUX /* Foundation.framework */ = {isa = PBXFileReference; lastKnownFileType = wrapper.framework; name = Foundation.framework; path = System/Library/Frameworks/Foundation.framework; sourceTree = SDKROOT; };
		EDHPGG06AGMDZ68YWB6JXWUZ /* MapKit.framework */ = {isa = PBXFileReference; lastKnownFileType = wrapper.framework; name = MapKit.framework; path = System/Library/Frameworks/MapKit.framework; sourceTree = SDKROOT; };
		E6RRWD4N9E6FGH576PALPTKQ /* AppDelegate.m */ = {isa = PBXFileReference; lastKnownFileType = sourcecode.c.objc; path = AppDelegate.m; sourceTree = "<group>"; };
		CQNF2KNQMQ3S6KMSRVNQEO59 /* AppDelegate.h */ = {isa = PBXFileReference; lastKnownFileType = sourcecode.c.h; path = AppDelegate.h; sourceTree = "<group>"; };
		O7CEOK22HI5DWCUPR18PK49K /* Array.m */ = {isa = PBXFileReference; lastKnownFileType = sourcecode.c.objc; path = Array.m; sourceTree = "<group>"; };
		US60UQ0CSB6PFHTEXZB94TZG /* Array.h */ = {isa = PBXFileReference; lastKnownFileType = sourcecode.c.h; path = Array.h; sourceTree = "<group>"; };
		FKUY092HANH05KRUH37E74G4 /* CustomMapView.m */ = {isa = PBXFileReference; lastKnownFileType = sourcecode.c.objc; path = CustomMapView.m; sourceTree = "<group>"; };
		D099US6NPWXNVKAPWL3728EH /* CustomMapView.h */ = {isa = PBXFileReference; lastKnownFileType = sourcecode.c.h; path = CustomMapView.h; sourceTree = "<group>"; };
		SSFM6ZO7CPL9WU7VVPUODUF0 /* HelloWorld.m */ = {isa = PBXFileReference; lastKnownFileType = sourcecode.c.objc; path = HelloWorld.m; sourceTree = "<group>"; };
		8NAIJOBN22CGBTPPF2ZKIX44 /* HelloWorld.h */ = {isa = PBXFileReference; lastKnownFileType = sourcecode.c.h; path = HelloWorld.h; sourceTree = "<group>"; };
		JN6N3KHINAJUR34O9CYIWCIN /* String.m */ = {isa = PBXFileReference; lastKnownFileType = sourcecode.c.objc; path = String.m; sourceTree = "<group>"; };
		5ZTUCD0NVA7FQV8L9O4CPB9N /* String.h */ = {isa = PBXFileReference; lastKnownFileType = sourcecode.c.h; path = String.h; sourceTree = "<group>"; };
		92YSMMVL1MBTYDZPFKRGP2YW /* haxe/Log.m */ = {isa = PBXFileReference; lastKnownFileType = sourcecode.c.objc; name = Log.m; path = HelloWorld/haxe/Log.m; sourceTree = SOURCE_ROOT; };
		D2QOEFY0ZBSVIZHK0TI67CG3 /* haxe/Log.h */ = {isa = PBXFileReference; lastKnownFileType = sourcecode.c.h; name = Log.h; path = HelloWorld/haxe/Log.h; sourceTree = SOURCE_ROOT; };
		4PVPO2OHHENXSB49JZ02BQOL /* haxe/ */ = {isa = PBXFileReference; lastKnownFileType = folder; path = haxe; sourceTree = "<group>"; };
		ULDZDB1MF04PCEMGMPV9JCKV /* en */ = {isa = PBXFileReference; lastKnownFileType = text.plist.strings; name = en; path = en.lproj/InfoPlist.strings; sourceTree = "<group>"; };
		6KRJKKCI4E292GZZ2TCGV5B1 /* en */ = {isa = PBXFileReference; lastKnownFileType = text.plist.strings; name = en; path = en.lproj/InfoPlist.strings; sourceTree = "<group>"; };
		NNQJLSOYLMF2OO6AFKV3III5 /* HelloWorld-Info.plist */ = {isa = PBXFileReference; lastKnownFileType = text.plist.xml; path = "HelloWorld-Info.plist"; sourceTree = "<group>"; };
		6QM351EA1ET9BC1APQ77XB8L /* HelloWorld-Prefix.pch */ = {isa = PBXFileReference; lastKnownFileType = sourcecode.c.h; path = "HelloWorld-Prefix.pch"; sourceTree = "<group>"; };
		O9X4S8JGALJ164NOX4JOE91J /* main.m */ = {isa = PBXFileReference; lastKnownFileType = sourcecode.c.objc; path = main.m; sourceTree = "<group>"; };
		3AJ1G4RBYWK9YOWZIBAY96FI /* HelloWorld.app */ = {isa = PBXFileReference; explicitFileType = wrapper.application; includeInIndex = 0; path = HelloWorld.app; sourceTree = BUILT_PRODUCTS_DIR; };
		5RK1GQG3X8WILRX5T99CA4HG /* HelloWorldTests.octest */ = {isa = PBXFileReference; explicitFileType = wrapper.cfbundle; includeInIndex = 0; path = HelloWorldTests.octest; sourceTree = BUILT_PRODUCTS_DIR; };
/* End PBXFileReference section */


/* Begin PBXFrameworksBuildPhase section */
		R2OV43O2J4ZNRPDOJIQGBUNH /* Frameworks */ = {
			isa = PBXFrameworksBuildPhase;
			buildActionMask = 2147483647;
			files = (
				RXX37TNYUO0LTJ31CTYY6VSU /* Foundation.framework in Frameworks */,
				YYIO1HRPCJIVX09VU1YM6Y3O /* MapKit.framework in Frameworks */,
			);
			runOnlyForDeploymentPostprocessing = 0;
		};
		F0R3NCGUROBXT91TAQSVWGEP /* Frameworks */ = {
			isa = PBXFrameworksBuildPhase;
			buildActionMask = 2147483647;
			files = (
				RXX37TNYUO0LTJ31CTYY6VSU /* Foundation.framework in Frameworks */,
				YYIO1HRPCJIVX09VU1YM6Y3O /* MapKit.framework in Frameworks */,
			);
			runOnlyForDeploymentPostprocessing = 0;
		};
/* End PBXFrameworksBuildPhase section */

/* Begin PBXGroup section */
		1GZO8IUQ3L6UFPDTJA8ERKH3 = {
			isa = PBXGroup;
			children = (
				CWGNOC57PN9M8WZQWMGZO6Q7 /* HelloWorld */,
				A0HK6JQ1Y57891SJ0VC0HRBC /* HelloWorldTests */,
				F39VOJY6AV3F9AYHHTLHXWXD /* Frameworks */,
				EIYVDKLCHEOBOTNA7CQ7Z4PE /* Products */,
			);
			sourceTree = "<group>";
		};
		EIYVDKLCHEOBOTNA7CQ7Z4PE /* Products */ = {
			isa = PBXGroup;
			children = (
				3AJ1G4RBYWK9YOWZIBAY96FI /* HelloWorld.app */,
				5RK1GQG3X8WILRX5T99CA4HG /* HelloWorldTests.octest */,
			);
			name = Products;
			sourceTree = "<group>";
		};
		F39VOJY6AV3F9AYHHTLHXWXD /* Frameworks */ = {
			isa = PBXGroup;
			children = (
				FSFQ6OID39QXL3XS0MCTCOUX /* Foundation.framework in Frameworks */,
				EDHPGG06AGMDZ68YWB6JXWUZ /* MapKit.framework in Frameworks */,
			);
			name = Frameworks;
			sourceTree = "<group>";
		};
		CWGNOC57PN9M8WZQWMGZO6Q7 /* HelloWorld */ = {
			isa = PBXGroup;
			children = (
				E6RRWD4N9E6FGH576PALPTKQ /* AppDelegate.m */,
				CQNF2KNQMQ3S6KMSRVNQEO59 /* AppDelegate.h */,
				O7CEOK22HI5DWCUPR18PK49K /* Array.m */,
				US60UQ0CSB6PFHTEXZB94TZG /* Array.h */,
				FKUY092HANH05KRUH37E74G4 /* CustomMapView.m */,
				D099US6NPWXNVKAPWL3728EH /* CustomMapView.h */,
				SSFM6ZO7CPL9WU7VVPUODUF0 /* HelloWorld.m */,
				8NAIJOBN22CGBTPPF2ZKIX44 /* HelloWorld.h */,
				JN6N3KHINAJUR34O9CYIWCIN /* String.m */,
				5ZTUCD0NVA7FQV8L9O4CPB9N /* String.h */,
				4PVPO2OHHENXSB49JZ02BQOL /* haxe/ */,
				8ZVPM25T7G01KSCLWGETZNZT /* Supporting Files */,
			);
			path = HelloWorld;
			sourceTree = "<group>";
		};
		8ZVPM25T7G01KSCLWGETZNZT /* Supporting Files */ = {
			isa = PBXGroup;
			children = (
				NNQJLSOYLMF2OO6AFKV3III5 /* HelloWorld-Info.plist */,
				ILIEFWGGNAAG196RV0DCWHPC /* InfoPlist.strings */,
				O9X4S8JGALJ164NOX4JOE91J /* main.m */,
				6QM351EA1ET9BC1APQ77XB8L /* HelloWorld-Prefix.pch */,
			);
			name = "Supporting Files";
			sourceTree = "<group>";
		};
		A0HK6JQ1Y57891SJ0VC0HRBC /* HelloWorldTests */ = {
			isa = PBXGroup;
			children = (
				/* 28BFDA091628A95900882B34 HelloWorldTests.h ,*/
				/* 28BFDA0A1628A95900882B34 HelloWorldTests.m ,*/
				AON7Y5WBRV2ACLSAIS5E3317 /* Supporting Files */,
			);
			path = HelloWorldTests;
			sourceTree = "<group>";
		};
		AON7Y5WBRV2ACLSAIS5E3317 /* Supporting Files */ = {
			isa = PBXGroup;
			children = (
				/* 28BFDA051628A95900882B34 HelloWorldTests-Info.plist ,*/
				SXWONZEVL4I6T6R2UF3YYTY4 /* InfoPlist.strings */,
			);
			name = "Supporting Files";
			sourceTree = "<group>";
		};
/* End PBXGroup section */

/* Begin PBXNativeTarget section */
		3XRQBMIIMRVT7LWZ9TMLQ6RY /* HelloWorld */ = {
			isa = PBXNativeTarget;
			buildConfigurationList = 791UJRAPBVXEQH9H5FWLWMQ6 /* Build configuration list for PBXNativeTarget "HelloWorld" */;
			buildPhases = (
				X4JBW7474S19P3J743M2F6OA /* Sources */,
				R2OV43O2J4ZNRPDOJIQGBUNH /* Frameworks */,
				NEEUN35V1CN000D38O1FWOL0 /* Resources */,
			);
			buildRules = (
			);
			dependencies = (
			);
			name = HelloWorld;
			productName = HelloWorld;
			productReference = 3AJ1G4RBYWK9YOWZIBAY96FI /* HelloWorld.app */;
			productType = "com.apple.product-type.application";
		};
		GUC8LJTJ1WTKXIV4BTGPEIKL /* HelloWorldTests */ = {
			isa = PBXNativeTarget;
			buildConfigurationList = 5Z9OXC9JMNIDWOWJ2B3FTM5Q /* Build configuration list for PBXNativeTarget "HelloWorldTests" */;
			buildPhases = (
				0B7QEYN6M42M43408VZ876L3 /* Sources */,
				F0R3NCGUROBXT91TAQSVWGEP /* Frameworks */,
				DZN2T9Q7JJ5NYRF4GVD1ZOK0 /* Resources */,
				89SPJ69DOWQTPMKYL05FQPA0 /* ShellScript */,
			);
			buildRules = (
			);
			dependencies = (
				N0M68WBKN5FA6RUS2YA812HT /* PBXTargetDependency */,
			);
			name = HelloWorldTests;
			productName = HelloWorldTests;
			productReference = 5RK1GQG3X8WILRX5T99CA4HG /* HelloWorldTests.octest */;
			productType = "com.apple.product-type.bundle";
		};
/* End PBXNativeTarget section */

/* Begin PBXProject section */
		UIB6S2WIN1M7ILAQ6WYO70U6 /* Project object */ = {
			isa = PBXProject;
			attributes = {
				LastUpgradeCheck = 0450;
				ORGANIZATIONNAME = "You";
			};
			buildConfigurationList = CAUDDVZF8DD2GBML5IRF4QFS /* Build configuration list for PBXProject "HelloWorld" */;
			compatibilityVersion = "Xcode 3.2";
			developmentRegion = English;
			hasScannedForEncodings = 0;
			knownRegions = (
				en,
			);
			mainGroup = 1GZO8IUQ3L6UFPDTJA8ERKH3;
			productRefGroup = EIYVDKLCHEOBOTNA7CQ7Z4PE /* Products */;
			projectDirPath = "";
			projectRoot = "";
			targets = (
				3XRQBMIIMRVT7LWZ9TMLQ6RY /* HelloWorld */,
				GUC8LJTJ1WTKXIV4BTGPEIKL /* HelloWorldTests */,
			);
		};
/* End PBXProject section */

/* Begin PBXResourcesBuildPhase section */
		NEEUN35V1CN000D38O1FWOL0 /* Resources */ = {
			isa = PBXResourcesBuildPhase;
			buildActionMask = 2147483647;
			files = (
				QIRSW8KI600TJBTBUZ2294RG /* InfoPlist.strings in Resources */,
		BTB7RRVYX9YK7782S5CUE2DF /* haxe/ in Resoures */,
			);
			runOnlyForDeploymentPostprocessing = 0;
		};
		DZN2T9Q7JJ5NYRF4GVD1ZOK0 /* Resources */ = {
			isa = PBXResourcesBuildPhase;
			buildActionMask = 2147483647;
			files = (
				CXHFPY77B3PO3T60JJV9HP1P /* InfoPlist.strings in Resources */,
			);
			runOnlyForDeploymentPostprocessing = 0;
		};
/* End PBXResourcesBuildPhase section */

/* Begin PBXShellScriptBuildPhase section */
		89SPJ69DOWQTPMKYL05FQPA0 /* ShellScript */ = {
			isa = PBXShellScriptBuildPhase;
			buildActionMask = 2147483647;
			files = (
			);
			inputPaths = (
			);
			outputPaths = (
			);
			runOnlyForDeploymentPostprocessing = 0;
			shellPath = /bin/sh;
			shellScript = "# Run the unit tests in this test bundle.\
\"${SYSTEM_DEVELOPER_DIR}/Tools/RunUnitTests\"\
";
		};
/* End PBXShellScriptBuildPhase section */

/* Begin PBXSourcesBuildPhase section */
		X4JBW7474S19P3J743M2F6OA /* Sources */ = {
			isa = PBXSourcesBuildPhase;
			buildActionMask = 2147483647;
			files = (
PZHEQG5C0TDOWIE5OLJYIZB5 /* main.m in Sources */,
				WQKHW495ESQAUSXUB1XLDRDY /* AppDelegate.m in Sources */,
				OUC59MXNCKCZNA4VOY8TV4CL /* Array.m in Sources */,
				M3ZX2ULCIM4LZWSFX3559XF5 /* CustomMapView.m in Sources */,
				MPG9VW93IUNKGQQIDRPM6443 /* HelloWorld.m in Sources */,
				79A4O4KV08LSK5IXUL5RB0NX /* String.m in Sources */,
				OJEA3F60YEHUKTQEM7ISCSIA /* haxe/Log.m in Sources */,
			);
			runOnlyForDeploymentPostprocessing = 0;
		};
		0B7QEYN6M42M43408VZ876L3 /* Sources */ = {
			isa = PBXSourcesBuildPhase;
			buildActionMask = 2147483647;
			files = (
				/* 28BFDA0B1628A95900882B34  HelloWorldTests.m in Sources ,*/
			);
			runOnlyForDeploymentPostprocessing = 0;
		};
/* End PBXSourcesBuildPhase section */

/* Begin PBXTargetDependency section */
		N0M68WBKN5FA6RUS2YA812HT /* PBXTargetDependency */ = {
			isa = PBXTargetDependency;
			target = 3XRQBMIIMRVT7LWZ9TMLQ6RY /* HelloWorld */;
			targetProxy = G9A7XE07HGJXTU6QZ2ZWKMA6 /* PBXContainerItemProxy */;
		};
/* End PBXTargetDependency section */

/* Begin PBXVariantGroup section */
		ILIEFWGGNAAG196RV0DCWHPC /* InfoPlist.strings */ = {
			isa = PBXVariantGroup;
			children = (
				ULDZDB1MF04PCEMGMPV9JCKV /* en */,
			);
			name = InfoPlist.strings;
			sourceTree = "<group>";
		};
		SXWONZEVL4I6T6R2UF3YYTY4 /* InfoPlist.strings */ = {
			isa = PBXVariantGroup;
			children = (
				6KRJKKCI4E292GZZ2TCGV5B1 /* en */,
			);
			name = InfoPlist.strings;
			sourceTree = "<group>";
		};
/* End PBXVariantGroup section */

/* Begin XCBuildConfiguration section */
		MEZZVN1IDOZQPV1F64EWHN5N /* Debug */ = {
			isa = XCBuildConfiguration;
			buildSettings = {
				ALWAYS_SEARCH_USER_PATHS = NO;
				CLANG_CXX_LANGUAGE_STANDARD = "gnu++0x";
				CLANG_CXX_LIBRARY = "libc++";
				CLANG_ENABLE_OBJC_ARC = YES;
				CLANG_WARN_EMPTY_BODY = YES;
				CLANG_WARN__DUPLICATE_METHOD_MATCH = YES;
				"CODE_SIGN_IDENTITY[sdk=iphoneos*]" = "iPhone Developer";
				COPY_PHASE_STRIP = NO;
				GCC_C_LANGUAGE_STANDARD = gnu99;
				GCC_DYNAMIC_NO_PIC = NO;
				GCC_OPTIMIZATION_LEVEL = 0;
				GCC_PREPROCESSOR_DEFINITIONS = (
					"DEBUG=1",
					"$(inherited)",
				);
				GCC_SYMBOLS_PRIVATE_EXTERN = NO;
				GCC_WARN_ABOUT_RETURN_TYPE = YES;
				GCC_WARN_UNINITIALIZED_AUTOS = YES;
				GCC_WARN_UNUSED_VARIABLE = YES;
				IPHONEOS_DEPLOYMENT_TARGET = 6.0;
				ONLY_ACTIVE_ARCH = YES;
				SDKROOT = iphoneos;
			};
			name = Debug;
		};
		R26P3QLD7SXJDVGYOFNY82RO /* Release */ = {
			isa = XCBuildConfiguration;
			buildSettings = {
				ALWAYS_SEARCH_USER_PATHS = NO;
				CLANG_CXX_LANGUAGE_STANDARD = "gnu++0x";
				CLANG_CXX_LIBRARY = "libc++";
				CLANG_ENABLE_OBJC_ARC = YES;
				CLANG_WARN_EMPTY_BODY = YES;
				CLANG_WARN__DUPLICATE_METHOD_MATCH = YES;
				"CODE_SIGN_IDENTITY[sdk=iphoneos*]" = "iPhone Developer";
				COPY_PHASE_STRIP = YES;
				GCC_C_LANGUAGE_STANDARD = gnu99;
				GCC_WARN_ABOUT_RETURN_TYPE = YES;
				GCC_WARN_UNINITIALIZED_AUTOS = YES;
				GCC_WARN_UNUSED_VARIABLE = YES;
				IPHONEOS_DEPLOYMENT_TARGET = 6.0;
				OTHER_CFLAGS = "-DNS_BLOCK_ASSERTIONS=1";
				SDKROOT = iphoneos;
				VALIDATE_PRODUCT = YES;
			};
			name = Release;
		};
		G41CEBERRF5W7AASININNFUP /* Debug */ = {
			isa = XCBuildConfiguration;
			buildSettings = {
				CODE_SIGN_IDENTITY = "iPhone Developer";
				GCC_PRECOMPILE_PREFIX_HEADER = YES;
				GCC_PREFIX_HEADER = "HelloWorld/HelloWorld-Prefix.pch";
				INFOPLIST_FILE = "HelloWorld/HelloWorld-Info.plist";
				PRODUCT_NAME = "$(TARGET_NAME)";
				PROVISIONING_PROFILE = "";
				WRAPPER_EXTENSION = app;
			};
			name = Debug;
		};
		IP8HOR0ANQTDW5UVWO0WGNCY /* Release */ = {
			isa = XCBuildConfiguration;
			buildSettings = {
				GCC_PRECOMPILE_PREFIX_HEADER = YES;
				GCC_PREFIX_HEADER = "HelloWorld/HelloWorld-Prefix.pch";
				INFOPLIST_FILE = "HelloWorld/HelloWorld-Info.plist";
				PRODUCT_NAME = "$(TARGET_NAME)";
				WRAPPER_EXTENSION = app;
			};
			name = Release;
		};
		J5YW3XRGE1D0BP1EF7ZHEE7Y /* Debug */ = {
			isa = XCBuildConfiguration;
			buildSettings = {
				BUNDLE_LOADER = "$(BUILT_PRODUCTS_DIR)/HelloWorld.app/HelloWorld";
				FRAMEWORK_SEARCH_PATHS = (
					"\"$(SDKROOT)/Developer/Library/Frameworks\"",
					"\"$(DEVELOPER_LIBRARY_DIR)/Frameworks\"",
				);
				GCC_PRECOMPILE_PREFIX_HEADER = YES;
				GCC_PREFIX_HEADER = "HelloWorld/HelloWorld-Prefix.pch";
				INFOPLIST_FILE = "HelloWorldTests/HelloWorldTests-Info.plist";
				PRODUCT_NAME = "$(TARGET_NAME)";
				TEST_HOST = "$(BUNDLE_LOADER)";
				WRAPPER_EXTENSION = octest;
			};
			name = Debug;
		};
		BYSMQBS3M5CAADLYM6YMXD6B /* Release */ = {
			isa = XCBuildConfiguration;
			buildSettings = {
				BUNDLE_LOADER = "$(BUILT_PRODUCTS_DIR)/HelloWorld.app/HelloWorld";
				FRAMEWORK_SEARCH_PATHS = (
					"\"$(SDKROOT)/Developer/Library/Frameworks\"",
					"\"$(DEVELOPER_LIBRARY_DIR)/Frameworks\"",
				);
				GCC_PRECOMPILE_PREFIX_HEADER = YES;
				GCC_PREFIX_HEADER = "HelloWorld/HelloWorld-Prefix.pch";
				INFOPLIST_FILE = "HelloWorldTests/HelloWorldTests-Info.plist";
				PRODUCT_NAME = "$(TARGET_NAME)";
				TEST_HOST = "$(BUNDLE_LOADER)";
				WRAPPER_EXTENSION = octest;
			};
			name = Release;
		};
/* End XCBuildConfiguration section */

/* Begin XCConfigurationList section */
		CAUDDVZF8DD2GBML5IRF4QFS /* Build configuration list for PBXProject "HelloWorld" */ = {
			isa = XCConfigurationList;
			buildConfigurations = (
				MEZZVN1IDOZQPV1F64EWHN5N /* Debug */,
				R26P3QLD7SXJDVGYOFNY82RO /* Release */,
			);
			defaultConfigurationIsVisible = 0;
			defaultConfigurationName = Release;
		};
		791UJRAPBVXEQH9H5FWLWMQ6 /* Build configuration list for PBXNativeTarget "HelloWorld" */ = {
			isa = XCConfigurationList;
			buildConfigurations = (
				G41CEBERRF5W7AASININNFUP /* Debug */,
				IP8HOR0ANQTDW5UVWO0WGNCY /* Release */,
			);
			defaultConfigurationIsVisible = 0;
			defaultConfigurationName = Release;
		};
		5Z9OXC9JMNIDWOWJ2B3FTM5Q /* Build configuration list for PBXNativeTarget "HelloWorldTests" */ = {
			isa = XCConfigurationList;
			buildConfigurations = (
				J5YW3XRGE1D0BP1EF7ZHEE7Y /* Debug */,
				BYSMQBS3M5CAADLYM6YMXD6B /* Release */,
			);
			defaultConfigurationIsVisible = 0;
			defaultConfigurationName = Release;
		};
/* End XCConfigurationList section */
	};
	rootObject = UIB6S2WIN1M7ILAQ6WYO70U6 /* Project object */;
}
