{
	archiveVersion = 1;
	classes = {
	};
	objectVersion = 46;
	objects = {

/* Begin PBXBuildFile section */
		B9OQQBR9PJ1QZ0LNIU0IXDR6 /* Foundation.framework in Frameworks */ = {isa = PBXBuildFile; fileRef = DY69NRAIB062GTHO2IR98169; };
		DODL47U612TUX116SVWZIRKU /* CoreGraphics.framework in Frameworks */ = {isa = PBXBuildFile; fileRef = ZSQGBS0M4E133O0IL7D7X0ND; };
		Y9Z4S92DIWYRF4ASJEME5NLM /* CoreLocation.framework in Frameworks */ = {isa = PBXBuildFile; fileRef = 1CPQBMA9QOX4JVF2SPXRV0ID; };
		PZYQFUO4A1K5478G18W88DWO /* Array.m in Sources */ = {isa = PBXBuildFile; fileRef = D1RJTH7DDOALS93AGT922SX1; };
		I7KH8CPKM9373NSVC99M4QMZ /* Date.m in Sources */ = {isa = PBXBuildFile; fileRef = VIQJQWKOJBU5OVDPU4CLD506; };
		WH37XJ2JLVL0AXK46GLHXJVA /* DateTools.m in Sources */ = {isa = PBXBuildFile; fileRef = 1LYXZSE3CMEH8V9HJEO2A6ME; };
		JD7Z233OZAJN2A7P9XZPI3K3 /* EReg.m in Sources */ = {isa = PBXBuildFile; fileRef = COIZU78ZISPWBOA2PDU8GWKN; };
		B4ZY693GNJLI7UR3DRLSMUML /* IntIterator.m in Sources */ = {isa = PBXBuildFile; fileRef = IDTD1RCNHBFC2YSZ61IE4VTP; };
		LSGEEGU4JWK6RR466T0TO4SK /* Lambda.m in Sources */ = {isa = PBXBuildFile; fileRef = 4CCHN2PAGR4QCIDBT31LLGCP; };
		GCEHNK32C8G62EV3OSAURJ3K /* List.m in Sources */ = {isa = PBXBuildFile; fileRef = ASGVEVGSR8L8Y4PFC4NESSD7; };
		H7Z1X18EWJ2HJPRE8K67K5Y4 /* Map.m in Sources */ = {isa = PBXBuildFile; fileRef = VARV5MQ0PM7F3QGHTCURVZTA; };
		X5V7CVF6Q9MU73L22D0B5OVI /* Reflect.m in Sources */ = {isa = PBXBuildFile; fileRef = 50Q7SV8ZQR2C3IF0RAVTESKR; };
		MZBEGFGIQWZGV8T1EY5K9DGF /* Std.m in Sources */ = {isa = PBXBuildFile; fileRef = 0O6C13QYPPLYYVWRRFECOT9J; };
		7JBY0JOC5ET1TDOTD85PM987 /* String.m in Sources */ = {isa = PBXBuildFile; fileRef = VI5MNWTLFTSHBVSLW6TLHXDN; };
		V7183XD9VESXI0CQK8J4ZX7Z /* StringBuf.m in Sources */ = {isa = PBXBuildFile; fileRef = 62Z9B5SNU1K1BS43JKQ8H6C4; };
		HRQ9LBHX1CGY2JP7EEQUJ86T /* StringTools.m in Sources */ = {isa = PBXBuildFile; fileRef = TPIARWFE4WB67YSFL6NI7SOD; };
		1RO2RAW4YPA7AFFIC8ANM26Q /* Sys.m in Sources */ = {isa = PBXBuildFile; fileRef = 7981Y11GERHJGSF3P1MJQI2S; };
		1OMZ60HCG2ICL49KGN9OER94 /* TestC.m in Sources */ = {isa = PBXBuildFile; fileRef = 98O4LJ8YZDZAUGC9WDABCS7I; };
		M90NY03DLZH00PCRQ7AF9TC2 /* TestHaxePack.m in Sources */ = {isa = PBXBuildFile; fileRef = 3QYXDYYUTOBKVXS62WH3J2NB; };
		9Q6ZW3RN8V46RG22ZMXP7RC7 /* Tests.m in Sources */ = {isa = PBXBuildFile; fileRef = UJ5S0B906HZH9BLCIVXT7UMH; };
		3GC26DEVYS9TDG78ILAVDLWB /* Tests3.m in Sources */ = {isa = PBXBuildFile; fileRef = HEPXEG6TNXUEYU0IES91CFE8; };
		CVRFK69ICTAD8KUL7KAR8GQI /* Type.m in Sources */ = {isa = PBXBuildFile; fileRef = I0HW5K0JVCFOXJRKM6WA6540; };
		5FNO0MOZDOBYNOR9BM9H7SE0 /* CallStack.m in Sources */ = {isa = PBXBuildFile; fileRef = TI4ZOIKU25HCDNCY253Z1BMK; };
		CDIAZBO2UVXUY3BDUZFF40CK /* FastList.m in Sources */ = {isa = PBXBuildFile; fileRef = 5BO0WCRK2N9NVTF2FFYI3082; };
		JKTWE0GJV9SB8XNUWQTQ9CW2 /* Json.m in Sources */ = {isa = PBXBuildFile; fileRef = 4UCOCX3PNGYSX0735KZXEL82; };
		N90STR6E27UFKH47TNZ0GUT3 /* Log.m in Sources */ = {isa = PBXBuildFile; fileRef = MM889SGMQCL793FT38NE95PY; };
		OR7RHIOGUH2V224SEHCRGX05 /* Resource.m in Sources */ = {isa = PBXBuildFile; fileRef = 3DQC0XMA6JDQU4MNXZRUTN6F; };
		UABZZ2Q3LFNNKCWSV9JPPSKC /* Serializer.m in Sources */ = {isa = PBXBuildFile; fileRef = V3RSLTZP6UN2QIEMLU4HZASA; };
		3OLEHKKWMLZARO5TT7TM60AM /* Template.m in Sources */ = {isa = PBXBuildFile; fileRef = X3351HQ9LC67G5VDOMRWOAOV; };
		DK5A0V6C0FIMLM9624CKQWY8 /* Timer.m in Sources */ = {isa = PBXBuildFile; fileRef = RM6MCU1EO0XK0YR6I9VNJRJF; };
		IW31P4U6IZ46JSSK7EHKNJAJ /* Unserializer.m in Sources */ = {isa = PBXBuildFile; fileRef = S8W5STHPVBDPLSFN4LAUZK9L; };
		GU9KHQJGV7L23L50Z4CHA6UV /* Md5.m in Sources */ = {isa = PBXBuildFile; fileRef = MGPMHLWANVLJDKVZIG757ZMU; };
		RH82Q5S78JMDJZ261U5V3JAU /* Sha1.m in Sources */ = {isa = PBXBuildFile; fileRef = YO52H8YH338J2TQCP3XMDJIJ; };
		U5CS4G2WYQQQFT82J32R7ZAQ /* HashMap.m in Sources */ = {isa = PBXBuildFile; fileRef = DGVB2ABGEG9D4VR1OWES7OI1; };
		6WVKOVEQQGYUI58FEF1K770P /* IntMap.m in Sources */ = {isa = PBXBuildFile; fileRef = K6WA1OQI0FDX1KR6RX71X2V1; };
		1LF74EIR1CMIZMPC1BSADII0 /* ObjectMap.m in Sources */ = {isa = PBXBuildFile; fileRef = RIDB332BID70T5L8PXTG1Z4N; };
		PMPDLMT5H8AAO48K55INPE47 /* StringMap.m in Sources */ = {isa = PBXBuildFile; fileRef = RV4OBWKXS2BWAEI9TAYUP8JR; };
		FB17SD3T4HDJBY9A0Z3MM2VA /* Bytes.m in Sources */ = {isa = PBXBuildFile; fileRef = XZ6GVKZ5SKKV13KZY8OKBC5W; };
		G1CT1FZWEF0W1TPKPXDEIISZ /* BytesBuffer.m in Sources */ = {isa = PBXBuildFile; fileRef = VXRTJ3U1KKFI0DI2INTRMULW; };
		VYLMIUHHBHIYCHDKC6IRBV4D /* Eof.m in Sources */ = {isa = PBXBuildFile; fileRef = A72DBWBZ6GRCWRGHQ1Z43VBM; };
		DRY739D14UZS15AJUMGA0B3E /* Input.m in Sources */ = {isa = PBXBuildFile; fileRef = G28GE0TPOG9ZJ6XA749CZMH8; };
		X4HFN1U6CFN7JFZYB1LHX8KE /* Output.m in Sources */ = {isa = PBXBuildFile; fileRef = GSNNNLZKSUSVS4F32DKO3POD; };
		J2GX02GX7YR8R0QSWL5U3GAF /* Lib.m in Sources */ = {isa = PBXBuildFile; fileRef = ZUKR3REDQFWRWRO8EBSGY4IG; };
		HG2NTLNJEPRJRL9EN0S5Q8NE /* FileInput.m in Sources */ = {isa = PBXBuildFile; fileRef = VEVWWDRVD2OUUH6HKUDGYJGV; };
		UUQWBLCDHKLLZWWPEUBI69LS /* FileOutput.m in Sources */ = {isa = PBXBuildFile; fileRef = F6QCKDJHN9LGZTQI5LZDKFYF; };
		D7LZ4U0ED8D4TE7GRXSZXO51 /* haxe in Resources */ = {isa = PBXBuildFile; fileRef = FS1DL9BB8PY4HGQ9RAR3XM21; };
		QWMF1KARO6UBC0G8BKCPVCNH /* objc in Resources */ = {isa = PBXBuildFile; fileRef = TIZT9Q4HVH6PWZGH1W6U8YPC; };
		G8GB6MM6M7DFCJS6LP2B9MGN /* sys in Resources */ = {isa = PBXBuildFile; fileRef = Q8S1BYLYFR4UOF5DJTEB2NCX; };
		20RCKZA9G7C5072072NDSB1U /* InfoPlist.strings in Resources */ = {isa = PBXBuildFile; fileRef = IGIFK7X9CB2KUAGDR3TU64L5 /* InfoPlist.strings */; };
		U6BBVWA67ZISSNY0VMZZNZP4 /* InfoPlist.strings in Resources */ = {isa = PBXBuildFile; fileRef = XS680SG66YUDZ09M0HYWWC7L /* InfoPlist.strings */; };
		P046HSKLGMK7N1WUVHAGC8IZ /* main.m in Sources */ = {isa = PBXBuildFile; fileRef = LHF704MU4LHYSQLXUDFHHPY0 /* main.m */; };
/* End PBXBuildFile section */

/* Begin PBXContainerItemProxy section */
		ASC6RLAX8FRN4Z8KR0HR9IKX /* PBXContainerItemProxy */ = {
			isa = PBXContainerItemProxy;
			containerPortal = ZHJMXUJZ4UGZ6TAF2GRJ7VAX /* Project object */;
			proxyType = 1;
			remoteGlobalIDString = T1VG61F1FUEQCMVJB6YRM36K;
			remoteInfo = Tests;
		};
/* End PBXContainerItemProxy section */


/* Begin PBXFileReference section */
		DY69NRAIB062GTHO2IR98169 /* Foundation.framework */ = {isa = PBXFileReference; lastKnownFileType = wrapper.framework; name = Foundation.framework; path = System/Library/Frameworks/Foundation.framework; sourceTree = SDKROOT; };
		ZSQGBS0M4E133O0IL7D7X0ND /* CoreGraphics.framework */ = {isa = PBXFileReference; lastKnownFileType = wrapper.framework; name = CoreGraphics.framework; path = System/Library/Frameworks/CoreGraphics.framework; sourceTree = SDKROOT; };
		1CPQBMA9QOX4JVF2SPXRV0ID /* CoreLocation.framework */ = {isa = PBXFileReference; lastKnownFileType = wrapper.framework; name = CoreLocation.framework; path = System/Library/Frameworks/CoreLocation.framework; sourceTree = SDKROOT; };
		D1RJTH7DDOALS93AGT922SX1 /* Array.m */ = {isa = PBXFileReference; lastKnownFileType = sourcecode.c.objc; path = Array.m; sourceTree = "<group>"; };
		T9ZACSJKOHDS8P5QSRMSQLR2 /* Array.h */ = {isa = PBXFileReference; lastKnownFileType = sourcecode.c.h; path = Array.h; sourceTree = "<group>"; };
		VIQJQWKOJBU5OVDPU4CLD506 /* Date.m */ = {isa = PBXFileReference; lastKnownFileType = sourcecode.c.objc; path = Date.m; sourceTree = "<group>"; };
		MMIGJ5ZZ51ELUP6KKY0QY8MB /* Date.h */ = {isa = PBXFileReference; lastKnownFileType = sourcecode.c.h; path = Date.h; sourceTree = "<group>"; };
		1LYXZSE3CMEH8V9HJEO2A6ME /* DateTools.m */ = {isa = PBXFileReference; lastKnownFileType = sourcecode.c.objc; path = DateTools.m; sourceTree = "<group>"; };
		Y88S246Q3TLFC7IZ9YAVLAN1 /* DateTools.h */ = {isa = PBXFileReference; lastKnownFileType = sourcecode.c.h; path = DateTools.h; sourceTree = "<group>"; };
		COIZU78ZISPWBOA2PDU8GWKN /* EReg.m */ = {isa = PBXFileReference; lastKnownFileType = sourcecode.c.objc; path = EReg.m; sourceTree = "<group>"; };
		324WD8FOIW470LL6IYGZAXKH /* EReg.h */ = {isa = PBXFileReference; lastKnownFileType = sourcecode.c.h; path = EReg.h; sourceTree = "<group>"; };
		IDTD1RCNHBFC2YSZ61IE4VTP /* IntIterator.m */ = {isa = PBXFileReference; lastKnownFileType = sourcecode.c.objc; path = IntIterator.m; sourceTree = "<group>"; };
		HQMW5F1LGVO42VUZC4P3GCI4 /* IntIterator.h */ = {isa = PBXFileReference; lastKnownFileType = sourcecode.c.h; path = IntIterator.h; sourceTree = "<group>"; };
		4CCHN2PAGR4QCIDBT31LLGCP /* Lambda.m */ = {isa = PBXFileReference; lastKnownFileType = sourcecode.c.objc; path = Lambda.m; sourceTree = "<group>"; };
		KF4W8TL05V95LEEXILYGNQZ1 /* Lambda.h */ = {isa = PBXFileReference; lastKnownFileType = sourcecode.c.h; path = Lambda.h; sourceTree = "<group>"; };
		ASGVEVGSR8L8Y4PFC4NESSD7 /* List.m */ = {isa = PBXFileReference; lastKnownFileType = sourcecode.c.objc; path = List.m; sourceTree = "<group>"; };
		YVED8FZ7CV1K2SAQL17YK536 /* List.h */ = {isa = PBXFileReference; lastKnownFileType = sourcecode.c.h; path = List.h; sourceTree = "<group>"; };
		VARV5MQ0PM7F3QGHTCURVZTA /* Map.m */ = {isa = PBXFileReference; lastKnownFileType = sourcecode.c.objc; path = Map.m; sourceTree = "<group>"; };
		AZ9O1HLFBH579Q8WYSCONIWX /* Map.h */ = {isa = PBXFileReference; lastKnownFileType = sourcecode.c.h; path = Map.h; sourceTree = "<group>"; };
		50Q7SV8ZQR2C3IF0RAVTESKR /* Reflect.m */ = {isa = PBXFileReference; lastKnownFileType = sourcecode.c.objc; path = Reflect.m; sourceTree = "<group>"; };
		3QOOYJ7HWM90P32FUKN8BYZF /* Reflect.h */ = {isa = PBXFileReference; lastKnownFileType = sourcecode.c.h; path = Reflect.h; sourceTree = "<group>"; };
		0O6C13QYPPLYYVWRRFECOT9J /* Std.m */ = {isa = PBXFileReference; lastKnownFileType = sourcecode.c.objc; path = Std.m; sourceTree = "<group>"; };
		8777TE0G3B35XB36QEEPGITP /* Std.h */ = {isa = PBXFileReference; lastKnownFileType = sourcecode.c.h; path = Std.h; sourceTree = "<group>"; };
		VI5MNWTLFTSHBVSLW6TLHXDN /* String.m */ = {isa = PBXFileReference; lastKnownFileType = sourcecode.c.objc; path = String.m; sourceTree = "<group>"; };
		Z3OE0IDHZ43YBBSHCWR60JU2 /* String.h */ = {isa = PBXFileReference; lastKnownFileType = sourcecode.c.h; path = String.h; sourceTree = "<group>"; };
		62Z9B5SNU1K1BS43JKQ8H6C4 /* StringBuf.m */ = {isa = PBXFileReference; lastKnownFileType = sourcecode.c.objc; path = StringBuf.m; sourceTree = "<group>"; };
		TGT597S02LA34ZT89HJDQ7DU /* StringBuf.h */ = {isa = PBXFileReference; lastKnownFileType = sourcecode.c.h; path = StringBuf.h; sourceTree = "<group>"; };
		TPIARWFE4WB67YSFL6NI7SOD /* StringTools.m */ = {isa = PBXFileReference; lastKnownFileType = sourcecode.c.objc; path = StringTools.m; sourceTree = "<group>"; };
		C8WZTGX8FXAX5ZA19OZHGEFI /* StringTools.h */ = {isa = PBXFileReference; lastKnownFileType = sourcecode.c.h; path = StringTools.h; sourceTree = "<group>"; };
		7981Y11GERHJGSF3P1MJQI2S /* Sys.m */ = {isa = PBXFileReference; lastKnownFileType = sourcecode.c.objc; path = Sys.m; sourceTree = "<group>"; };
		2D0KJQFWYH51ABMAB4Z28RGO /* Sys.h */ = {isa = PBXFileReference; lastKnownFileType = sourcecode.c.h; path = Sys.h; sourceTree = "<group>"; };
		98O4LJ8YZDZAUGC9WDABCS7I /* TestC.m */ = {isa = PBXFileReference; lastKnownFileType = sourcecode.c.objc; path = TestC.m; sourceTree = "<group>"; };
		EFX7SXSTZ2FB3RS0JKNDMFP5 /* TestC.h */ = {isa = PBXFileReference; lastKnownFileType = sourcecode.c.h; path = TestC.h; sourceTree = "<group>"; };
		3QYXDYYUTOBKVXS62WH3J2NB /* TestHaxePack.m */ = {isa = PBXFileReference; lastKnownFileType = sourcecode.c.objc; path = TestHaxePack.m; sourceTree = "<group>"; };
		R9L4PXURFVCBGV94L9V9M7C2 /* TestHaxePack.h */ = {isa = PBXFileReference; lastKnownFileType = sourcecode.c.h; path = TestHaxePack.h; sourceTree = "<group>"; };
		UJ5S0B906HZH9BLCIVXT7UMH /* Tests.m */ = {isa = PBXFileReference; lastKnownFileType = sourcecode.c.objc; path = Tests.m; sourceTree = "<group>"; };
		HEPXEG6TNXUEYU0IES91CFE8 /* Tests3.m */ = {isa = PBXFileReference; lastKnownFileType = sourcecode.c.objc; path = Tests3.m; sourceTree = "<group>"; };
		I0HW5K0JVCFOXJRKM6WA6540 /* Type.m */ = {isa = PBXFileReference; lastKnownFileType = sourcecode.c.objc; path = Type.m; sourceTree = "<group>"; };
		TI4ZOIKU25HCDNCY253Z1BMK /* haxe/CallStack.m */ = {isa = PBXFileReference; lastKnownFileType = sourcecode.c.objc; name = CallStack.m; path = Tests/haxe/CallStack.m; sourceTree = SOURCE_ROOT; };
		5BO0WCRK2N9NVTF2FFYI3082 /* haxe/FastList.m */ = {isa = PBXFileReference; lastKnownFileType = sourcecode.c.objc; name = FastList.m; path = Tests/haxe/FastList.m; sourceTree = SOURCE_ROOT; };
		6FCARXSHV24DM2GLLIN1N80N /* haxe/FastList.h */ = {isa = PBXFileReference; lastKnownFileType = sourcecode.c.h; name = FastList.h; path = Tests/haxe/FastList.h; sourceTree = SOURCE_ROOT; };
		4UCOCX3PNGYSX0735KZXEL82 /* haxe/Json.m */ = {isa = PBXFileReference; lastKnownFileType = sourcecode.c.objc; name = Json.m; path = Tests/haxe/Json.m; sourceTree = SOURCE_ROOT; };
		BKFHDHUGOQ5OMFR05R9UCS1U /* haxe/Json.h */ = {isa = PBXFileReference; lastKnownFileType = sourcecode.c.h; name = Json.h; path = Tests/haxe/Json.h; sourceTree = SOURCE_ROOT; };
		MM889SGMQCL793FT38NE95PY /* haxe/Log.m */ = {isa = PBXFileReference; lastKnownFileType = sourcecode.c.objc; name = Log.m; path = Tests/haxe/Log.m; sourceTree = SOURCE_ROOT; };
		L455ZKN5OUECJINZM8DTYAZW /* haxe/Log.h */ = {isa = PBXFileReference; lastKnownFileType = sourcecode.c.h; name = Log.h; path = Tests/haxe/Log.h; sourceTree = SOURCE_ROOT; };
		3DQC0XMA6JDQU4MNXZRUTN6F /* haxe/Resource.m */ = {isa = PBXFileReference; lastKnownFileType = sourcecode.c.objc; name = Resource.m; path = Tests/haxe/Resource.m; sourceTree = SOURCE_ROOT; };
		FN6O3GQLVP1WVB6VUAI0R5AF /* haxe/Resource.h */ = {isa = PBXFileReference; lastKnownFileType = sourcecode.c.h; name = Resource.h; path = Tests/haxe/Resource.h; sourceTree = SOURCE_ROOT; };
		V3RSLTZP6UN2QIEMLU4HZASA /* haxe/Serializer.m */ = {isa = PBXFileReference; lastKnownFileType = sourcecode.c.objc; name = Serializer.m; path = Tests/haxe/Serializer.m; sourceTree = SOURCE_ROOT; };
		RI7SRB9ET0TMSOM8T881I8OM /* haxe/Serializer.h */ = {isa = PBXFileReference; lastKnownFileType = sourcecode.c.h; name = Serializer.h; path = Tests/haxe/Serializer.h; sourceTree = SOURCE_ROOT; };
		X3351HQ9LC67G5VDOMRWOAOV /* haxe/Template.m */ = {isa = PBXFileReference; lastKnownFileType = sourcecode.c.objc; name = Template.m; path = Tests/haxe/Template.m; sourceTree = SOURCE_ROOT; };
		RM6MCU1EO0XK0YR6I9VNJRJF /* haxe/Timer.m */ = {isa = PBXFileReference; lastKnownFileType = sourcecode.c.objc; name = Timer.m; path = Tests/haxe/Timer.m; sourceTree = SOURCE_ROOT; };
		NOUMAKNVGPU4Q3VMS3SD9ZD9 /* haxe/Timer.h */ = {isa = PBXFileReference; lastKnownFileType = sourcecode.c.h; name = Timer.h; path = Tests/haxe/Timer.h; sourceTree = SOURCE_ROOT; };
		S8W5STHPVBDPLSFN4LAUZK9L /* haxe/Unserializer.m */ = {isa = PBXFileReference; lastKnownFileType = sourcecode.c.objc; name = Unserializer.m; path = Tests/haxe/Unserializer.m; sourceTree = SOURCE_ROOT; };
		4REMM4A930THZKU7QM15ZO7T /* haxe/Unserializer.h */ = {isa = PBXFileReference; lastKnownFileType = sourcecode.c.h; name = Unserializer.h; path = Tests/haxe/Unserializer.h; sourceTree = SOURCE_ROOT; };
		MGPMHLWANVLJDKVZIG757ZMU /* haxe/crypto/Md5.m */ = {isa = PBXFileReference; lastKnownFileType = sourcecode.c.objc; name = Md5.m; path = Tests/haxe/crypto/Md5.m; sourceTree = SOURCE_ROOT; };
		0P5MTYPVE5ZMS967AAD97RHS /* haxe/crypto/Md5.h */ = {isa = PBXFileReference; lastKnownFileType = sourcecode.c.h; name = Md5.h; path = Tests/haxe/crypto/Md5.h; sourceTree = SOURCE_ROOT; };
		YO52H8YH338J2TQCP3XMDJIJ /* haxe/crypto/Sha1.m */ = {isa = PBXFileReference; lastKnownFileType = sourcecode.c.objc; name = Sha1.m; path = Tests/haxe/crypto/Sha1.m; sourceTree = SOURCE_ROOT; };
		GTVRWNJC416OXOUMN9S6NVOF /* haxe/crypto/Sha1.h */ = {isa = PBXFileReference; lastKnownFileType = sourcecode.c.h; name = Sha1.h; path = Tests/haxe/crypto/Sha1.h; sourceTree = SOURCE_ROOT; };
		DGVB2ABGEG9D4VR1OWES7OI1 /* haxe/ds/HashMap.m */ = {isa = PBXFileReference; lastKnownFileType = sourcecode.c.objc; name = HashMap.m; path = Tests/haxe/ds/HashMap.m; sourceTree = SOURCE_ROOT; };
		EHCBV50VQ560SA8ZH19BO0XO /* haxe/ds/HashMap.h */ = {isa = PBXFileReference; lastKnownFileType = sourcecode.c.h; name = HashMap.h; path = Tests/haxe/ds/HashMap.h; sourceTree = SOURCE_ROOT; };
		K6WA1OQI0FDX1KR6RX71X2V1 /* haxe/ds/IntMap.m */ = {isa = PBXFileReference; lastKnownFileType = sourcecode.c.objc; name = IntMap.m; path = Tests/haxe/ds/IntMap.m; sourceTree = SOURCE_ROOT; };
		5B0Z9ZKLJAHT7YZEG53N6SPF /* haxe/ds/IntMap.h */ = {isa = PBXFileReference; lastKnownFileType = sourcecode.c.h; name = IntMap.h; path = Tests/haxe/ds/IntMap.h; sourceTree = SOURCE_ROOT; };
		RIDB332BID70T5L8PXTG1Z4N /* haxe/ds/ObjectMap.m */ = {isa = PBXFileReference; lastKnownFileType = sourcecode.c.objc; name = ObjectMap.m; path = Tests/haxe/ds/ObjectMap.m; sourceTree = SOURCE_ROOT; };
		LZEOW4GMWSDTDDYR6UIODJHN /* haxe/ds/ObjectMap.h */ = {isa = PBXFileReference; lastKnownFileType = sourcecode.c.h; name = ObjectMap.h; path = Tests/haxe/ds/ObjectMap.h; sourceTree = SOURCE_ROOT; };
		RV4OBWKXS2BWAEI9TAYUP8JR /* haxe/ds/StringMap.m */ = {isa = PBXFileReference; lastKnownFileType = sourcecode.c.objc; name = StringMap.m; path = Tests/haxe/ds/StringMap.m; sourceTree = SOURCE_ROOT; };
		VK1SLH481Q81OXVBB3W09RCW /* haxe/ds/StringMap.h */ = {isa = PBXFileReference; lastKnownFileType = sourcecode.c.h; name = StringMap.h; path = Tests/haxe/ds/StringMap.h; sourceTree = SOURCE_ROOT; };
		XZ6GVKZ5SKKV13KZY8OKBC5W /* haxe/io/Bytes.m */ = {isa = PBXFileReference; lastKnownFileType = sourcecode.c.objc; name = Bytes.m; path = Tests/haxe/io/Bytes.m; sourceTree = SOURCE_ROOT; };
		PTG2GF4NZ8W2XU4U5TVK6AEN /* haxe/io/Bytes.h */ = {isa = PBXFileReference; lastKnownFileType = sourcecode.c.h; name = Bytes.h; path = Tests/haxe/io/Bytes.h; sourceTree = SOURCE_ROOT; };
		VXRTJ3U1KKFI0DI2INTRMULW /* haxe/io/BytesBuffer.m */ = {isa = PBXFileReference; lastKnownFileType = sourcecode.c.objc; name = BytesBuffer.m; path = Tests/haxe/io/BytesBuffer.m; sourceTree = SOURCE_ROOT; };
		OX366Q3US58I47J0JBYN5SE1 /* haxe/io/BytesBuffer.h */ = {isa = PBXFileReference; lastKnownFileType = sourcecode.c.h; name = BytesBuffer.h; path = Tests/haxe/io/BytesBuffer.h; sourceTree = SOURCE_ROOT; };
		A72DBWBZ6GRCWRGHQ1Z43VBM /* haxe/io/Eof.m */ = {isa = PBXFileReference; lastKnownFileType = sourcecode.c.objc; name = Eof.m; path = Tests/haxe/io/Eof.m; sourceTree = SOURCE_ROOT; };
		RF9VEXP1F72PBIAAN0YQAHYJ /* haxe/io/Eof.h */ = {isa = PBXFileReference; lastKnownFileType = sourcecode.c.h; name = Eof.h; path = Tests/haxe/io/Eof.h; sourceTree = SOURCE_ROOT; };
		G28GE0TPOG9ZJ6XA749CZMH8 /* haxe/io/Input.m */ = {isa = PBXFileReference; lastKnownFileType = sourcecode.c.objc; name = Input.m; path = Tests/haxe/io/Input.m; sourceTree = SOURCE_ROOT; };
		B4R5E7GULZUI73MZKENKVT2S /* haxe/io/Input.h */ = {isa = PBXFileReference; lastKnownFileType = sourcecode.c.h; name = Input.h; path = Tests/haxe/io/Input.h; sourceTree = SOURCE_ROOT; };
		GSNNNLZKSUSVS4F32DKO3POD /* haxe/io/Output.m */ = {isa = PBXFileReference; lastKnownFileType = sourcecode.c.objc; name = Output.m; path = Tests/haxe/io/Output.m; sourceTree = SOURCE_ROOT; };
		30DNFPJKL412B3OGZ5123RZ7 /* haxe/io/Output.h */ = {isa = PBXFileReference; lastKnownFileType = sourcecode.c.h; name = Output.h; path = Tests/haxe/io/Output.h; sourceTree = SOURCE_ROOT; };
		ZUKR3REDQFWRWRO8EBSGY4IG /* objc/Lib.m */ = {isa = PBXFileReference; lastKnownFileType = sourcecode.c.objc; name = Lib.m; path = Tests/objc/Lib.m; sourceTree = SOURCE_ROOT; };
		2J1ISXPFFLDKC95VN8YP7FIC /* objc/Lib.h */ = {isa = PBXFileReference; lastKnownFileType = sourcecode.c.h; name = Lib.h; path = Tests/objc/Lib.h; sourceTree = SOURCE_ROOT; };
		VEVWWDRVD2OUUH6HKUDGYJGV /* sys/io/FileInput.m */ = {isa = PBXFileReference; lastKnownFileType = sourcecode.c.objc; name = FileInput.m; path = Tests/sys/io/FileInput.m; sourceTree = SOURCE_ROOT; };
		186123FHWX6LHT8KLJDZQ6F5 /* sys/io/FileInput.h */ = {isa = PBXFileReference; lastKnownFileType = sourcecode.c.h; name = FileInput.h; path = Tests/sys/io/FileInput.h; sourceTree = SOURCE_ROOT; };
		F6QCKDJHN9LGZTQI5LZDKFYF /* sys/io/FileOutput.m */ = {isa = PBXFileReference; lastKnownFileType = sourcecode.c.objc; name = FileOutput.m; path = Tests/sys/io/FileOutput.m; sourceTree = SOURCE_ROOT; };
		6A5ZR3PF1CVQVXHDF0RRDC8X /* sys/io/FileOutput.h */ = {isa = PBXFileReference; lastKnownFileType = sourcecode.c.h; name = FileOutput.h; path = Tests/sys/io/FileOutput.h; sourceTree = SOURCE_ROOT; };
		FS1DL9BB8PY4HGQ9RAR3XM21 /* haxe/ */ = {isa = PBXFileReference; lastKnownFileType = folder; path = haxe; sourceTree = "<group>"; };
		TIZT9Q4HVH6PWZGH1W6U8YPC /* objc/ */ = {isa = PBXFileReference; lastKnownFileType = folder; path = objc; sourceTree = "<group>"; };
		Q8S1BYLYFR4UOF5DJTEB2NCX /* sys/io/ */ = {isa = PBXFileReference; lastKnownFileType = folder; path = sys; sourceTree = "<group>"; };
		Z1WOGD9R5CI9M39GF5MQB4TV /* en */ = {isa = PBXFileReference; lastKnownFileType = text.plist.strings; name = en; path = en.lproj/InfoPlist.strings; sourceTree = "<group>"; };
		05F6W8465G32SSOMNHRLC6CJ /* en */ = {isa = PBXFileReference; lastKnownFileType = text.plist.strings; name = en; path = en.lproj/InfoPlist.strings; sourceTree = "<group>"; };
		HD6B5KOK31F22XVFDJDK8WB6 /* Tests-Info.plist */ = {isa = PBXFileReference; lastKnownFileType = text.plist.xml; path = "Tests-Info.plist"; sourceTree = "<group>"; };
		SG0Y34IF2NH5TBAC6CQJ9KDX /* Tests-Prefix.pch */ = {isa = PBXFileReference; lastKnownFileType = sourcecode.c.h; path = "Tests-Prefix.pch"; sourceTree = "<group>"; };
		LHF704MU4LHYSQLXUDFHHPY0 /* main.m */ = {isa = PBXFileReference; lastKnownFileType = sourcecode.c.objc; path = main.m; sourceTree = "<group>"; };
		ZTYNJ32J6I11A6DUZAEWD3GC /* Tests.app */ = {isa = PBXFileReference; explicitFileType = wrapper.application; includeInIndex = 0; path = Tests.app; sourceTree = BUILT_PRODUCTS_DIR; };
		RJM9Q2UYV3DJOSUV2IEV1TQ3 /* TestsTests.octest */ = {isa = PBXFileReference; explicitFileType = wrapper.cfbundle; includeInIndex = 0; path = TestsTests.octest; sourceTree = BUILT_PRODUCTS_DIR; };
/* End PBXFileReference section */


/* Begin PBXFrameworksBuildPhase section */
		6THY6TB857HTVFW2F6HMF1KP /* Frameworks */ = {
			isa = PBXFrameworksBuildPhase;
			buildActionMask = 2147483647;
			files = (
				B9OQQBR9PJ1QZ0LNIU0IXDR6 /* Foundation.framework in Frameworks */,
				DODL47U612TUX116SVWZIRKU /* CoreGraphics.framework in Frameworks */,
				Y9Z4S92DIWYRF4ASJEME5NLM /* CoreLocation.framework in Frameworks */,
			);
			runOnlyForDeploymentPostprocessing = 0;
		};
		3FOYBMXO383UD333IYSZUKCI /* Frameworks */ = {
			isa = PBXFrameworksBuildPhase;
			buildActionMask = 2147483647;
			files = (
				B9OQQBR9PJ1QZ0LNIU0IXDR6 /* Foundation.framework in Frameworks */,
				DODL47U612TUX116SVWZIRKU /* CoreGraphics.framework in Frameworks */,
				Y9Z4S92DIWYRF4ASJEME5NLM /* CoreLocation.framework in Frameworks */,
			);
			runOnlyForDeploymentPostprocessing = 0;
		};
/* End PBXFrameworksBuildPhase section */

/* Begin PBXGroup section */
		PVP7IHXK39GQ234VEKGF5MGI = {
			isa = PBXGroup;
			children = (
				3UPZ9TDI7HVB9YRUOX0N17P9 /* Tests */,
				W0RQN6ZWVT0KN7BJHWZCNW8G /* TestsTests */,
				FF8RKSGVEDI8Q4WM2QWC5UO4 /* Frameworks */,
				1YQDTOL8R7FVMXPGBMBN7QCQ /* Products */,
			);
			sourceTree = "<group>";
		};
		1YQDTOL8R7FVMXPGBMBN7QCQ /* Products */ = {
			isa = PBXGroup;
			children = (
				ZTYNJ32J6I11A6DUZAEWD3GC /* Tests.app */,
				RJM9Q2UYV3DJOSUV2IEV1TQ3 /* TestsTests.octest */,
			);
			name = Products;
			sourceTree = "<group>";
		};
		FF8RKSGVEDI8Q4WM2QWC5UO4 /* Frameworks */ = {
			isa = PBXGroup;
			children = (
				DY69NRAIB062GTHO2IR98169 /* Foundation.framework in Frameworks */,
				ZSQGBS0M4E133O0IL7D7X0ND /* CoreGraphics.framework in Frameworks */,
				1CPQBMA9QOX4JVF2SPXRV0ID /* CoreLocation.framework in Frameworks */,
			);
			name = Frameworks;
			sourceTree = "<group>";
		};
		3UPZ9TDI7HVB9YRUOX0N17P9 /* Tests */ = {
			isa = PBXGroup;
			children = (
				D1RJTH7DDOALS93AGT922SX1 /* Array.m */,
				T9ZACSJKOHDS8P5QSRMSQLR2 /* Array.h */,
				VIQJQWKOJBU5OVDPU4CLD506 /* Date.m */,
				MMIGJ5ZZ51ELUP6KKY0QY8MB /* Date.h */,
				1LYXZSE3CMEH8V9HJEO2A6ME /* DateTools.m */,
				Y88S246Q3TLFC7IZ9YAVLAN1 /* DateTools.h */,
				COIZU78ZISPWBOA2PDU8GWKN /* EReg.m */,
				324WD8FOIW470LL6IYGZAXKH /* EReg.h */,
				IDTD1RCNHBFC2YSZ61IE4VTP /* IntIterator.m */,
				HQMW5F1LGVO42VUZC4P3GCI4 /* IntIterator.h */,
				4CCHN2PAGR4QCIDBT31LLGCP /* Lambda.m */,
				KF4W8TL05V95LEEXILYGNQZ1 /* Lambda.h */,
				ASGVEVGSR8L8Y4PFC4NESSD7 /* List.m */,
				YVED8FZ7CV1K2SAQL17YK536 /* List.h */,
				VARV5MQ0PM7F3QGHTCURVZTA /* Map.m */,
				AZ9O1HLFBH579Q8WYSCONIWX /* Map.h */,
				50Q7SV8ZQR2C3IF0RAVTESKR /* Reflect.m */,
				3QOOYJ7HWM90P32FUKN8BYZF /* Reflect.h */,
				0O6C13QYPPLYYVWRRFECOT9J /* Std.m */,
				8777TE0G3B35XB36QEEPGITP /* Std.h */,
				VI5MNWTLFTSHBVSLW6TLHXDN /* String.m */,
				Z3OE0IDHZ43YBBSHCWR60JU2 /* String.h */,
				62Z9B5SNU1K1BS43JKQ8H6C4 /* StringBuf.m */,
				TGT597S02LA34ZT89HJDQ7DU /* StringBuf.h */,
				TPIARWFE4WB67YSFL6NI7SOD /* StringTools.m */,
				C8WZTGX8FXAX5ZA19OZHGEFI /* StringTools.h */,
				7981Y11GERHJGSF3P1MJQI2S /* Sys.m */,
				2D0KJQFWYH51ABMAB4Z28RGO /* Sys.h */,
				98O4LJ8YZDZAUGC9WDABCS7I /* TestC.m */,
				EFX7SXSTZ2FB3RS0JKNDMFP5 /* TestC.h */,
				3QYXDYYUTOBKVXS62WH3J2NB /* TestHaxePack.m */,
				R9L4PXURFVCBGV94L9V9M7C2 /* TestHaxePack.h */,
				UJ5S0B906HZH9BLCIVXT7UMH /* Tests.m */,
				HEPXEG6TNXUEYU0IES91CFE8 /* Tests3.m */,
				I0HW5K0JVCFOXJRKM6WA6540 /* Type.m */,
				FS1DL9BB8PY4HGQ9RAR3XM21 /* haxe/ */,
				TIZT9Q4HVH6PWZGH1W6U8YPC /* objc/ */,
				Q8S1BYLYFR4UOF5DJTEB2NCX /* sys/io/ */,
				FJNNTWK18MDRR1RLY0L52C2Z /* Supporting Files */,
			);
			path = Tests;
			sourceTree = "<group>";
		};
		FJNNTWK18MDRR1RLY0L52C2Z /* Supporting Files */ = {
			isa = PBXGroup;
			children = (
				HD6B5KOK31F22XVFDJDK8WB6 /* Tests-Info.plist */,
				IGIFK7X9CB2KUAGDR3TU64L5 /* InfoPlist.strings */,
				LHF704MU4LHYSQLXUDFHHPY0 /* main.m */,
				SG0Y34IF2NH5TBAC6CQJ9KDX /* Tests-Prefix.pch */,
			);
			name = "Supporting Files";
			sourceTree = "<group>";
		};
		W0RQN6ZWVT0KN7BJHWZCNW8G /* TestsTests */ = {
			isa = PBXGroup;
			children = (
				/* 28BFDA091628A95900882B34 TestsTests.h ,*/
				/* 28BFDA0A1628A95900882B34 TestsTests.m ,*/
				LR3JFI6K1YZWNE6V5VCCRBXU /* Supporting Files */,
			);
			path = TestsTests;
			sourceTree = "<group>";
		};
		LR3JFI6K1YZWNE6V5VCCRBXU /* Supporting Files */ = {
			isa = PBXGroup;
			children = (
				/* 28BFDA051628A95900882B34 TestsTests-Info.plist ,*/
				XS680SG66YUDZ09M0HYWWC7L /* InfoPlist.strings */,
			);
			name = "Supporting Files";
			sourceTree = "<group>";
		};
/* End PBXGroup section */

/* Begin PBXNativeTarget section */
		T1VG61F1FUEQCMVJB6YRM36K /* Tests */ = {
			isa = PBXNativeTarget;
			buildConfigurationList = XU9UESYNIINA405FSGREA2VK /* Build configuration list for PBXNativeTarget "Tests" */;
			buildPhases = (
				BL9I88N47I9OCOQX3AQDFFQH /* Sources */,
				6THY6TB857HTVFW2F6HMF1KP /* Frameworks */,
				18TOKPBNVLO8V1XVENRNIWI8 /* Resources */,
			);
			buildRules = (
			);
			dependencies = (
			);
			name = Tests;
			productName = Tests;
			productReference = ZTYNJ32J6I11A6DUZAEWD3GC /* Tests.app */;
			productType = "com.apple.product-type.application";
		};
		7CTBMQ1NWXFPRN3K850TDNIK /* TestsTests */ = {
			isa = PBXNativeTarget;
			buildConfigurationList = ANSEWQ75VNBU0YJ3PWK2PAPE /* Build configuration list for PBXNativeTarget "TestsTests" */;
			buildPhases = (
				XLZCLSQ143K3R8T7H5KFAKNF /* Sources */,
				3FOYBMXO383UD333IYSZUKCI /* Frameworks */,
				4CEO0GCCFL1OT5R2G8CLXSKS /* Resources */,
				XBMIB6ZMVQRJ9FWW5OFEN9CE /* ShellScript */,
			);
			buildRules = (
			);
			dependencies = (
				DN9PI0LWWGNUCZGFE35VZYM8 /* PBXTargetDependency */,
			);
			name = TestsTests;
			productName = TestsTests;
			productReference = RJM9Q2UYV3DJOSUV2IEV1TQ3 /* TestsTests.octest */;
			productType = "com.apple.product-type.bundle";
		};
/* End PBXNativeTarget section */

/* Begin PBXProject section */
		ZHJMXUJZ4UGZ6TAF2GRJ7VAX /* Project object */ = {
			isa = PBXProject;
			attributes = {
				LastUpgradeCheck = 0450;
				ORGANIZATIONNAME = "You";
			};
			buildConfigurationList = 2U02OF78LZ3W13GGKU1NCC4A /* Build configuration list for PBXProject "Tests" */;
			compatibilityVersion = "Xcode 3.2";
			developmentRegion = English;
			hasScannedForEncodings = 0;
			knownRegions = (
				en,
			);
			mainGroup = PVP7IHXK39GQ234VEKGF5MGI;
			productRefGroup = 1YQDTOL8R7FVMXPGBMBN7QCQ /* Products */;
			projectDirPath = "";
			projectRoot = "";
			targets = (
				T1VG61F1FUEQCMVJB6YRM36K /* Tests */,
				7CTBMQ1NWXFPRN3K850TDNIK /* TestsTests */,
			);
		};
/* End PBXProject section */

/* Begin PBXResourcesBuildPhase section */
		18TOKPBNVLO8V1XVENRNIWI8 /* Resources */ = {
			isa = PBXResourcesBuildPhase;
			buildActionMask = 2147483647;
			files = (
				20RCKZA9G7C5072072NDSB1U /* InfoPlist.strings in Resources */,
		D7LZ4U0ED8D4TE7GRXSZXO51 /* haxe/ in Resoures */,
		QWMF1KARO6UBC0G8BKCPVCNH /* objc/ in Resoures */,
		G8GB6MM6M7DFCJS6LP2B9MGN /* sys/io/ in Resoures */,
			);
			runOnlyForDeploymentPostprocessing = 0;
		};
		4CEO0GCCFL1OT5R2G8CLXSKS /* Resources */ = {
			isa = PBXResourcesBuildPhase;
			buildActionMask = 2147483647;
			files = (
				U6BBVWA67ZISSNY0VMZZNZP4 /* InfoPlist.strings in Resources */,
			);
			runOnlyForDeploymentPostprocessing = 0;
		};
/* End PBXResourcesBuildPhase section */

/* Begin PBXShellScriptBuildPhase section */
		XBMIB6ZMVQRJ9FWW5OFEN9CE /* ShellScript */ = {
			isa = PBXShellScriptBuildPhase;
			buildActionMask = 2147483647;
			files = (
			);
			inputPaths = (
			);
			outputPaths = (
			);
			runOnlyForDeploymentPostprocessing = 0;
			shellPath = /bin/sh;
			shellScript = "# Run the unit tests in this test bundle.\
\"${SYSTEM_DEVELOPER_DIR}/Tools/RunUnitTests\"\
";
		};
/* End PBXShellScriptBuildPhase section */

/* Begin PBXSourcesBuildPhase section */
		BL9I88N47I9OCOQX3AQDFFQH /* Sources */ = {
			isa = PBXSourcesBuildPhase;
			buildActionMask = 2147483647;
			files = (
P046HSKLGMK7N1WUVHAGC8IZ /* main.m in Sources */,
				PZYQFUO4A1K5478G18W88DWO /* Array.m in Sources */,
				I7KH8CPKM9373NSVC99M4QMZ /* Date.m in Sources */,
				WH37XJ2JLVL0AXK46GLHXJVA /* DateTools.m in Sources */,
				JD7Z233OZAJN2A7P9XZPI3K3 /* EReg.m in Sources */,
				B4ZY693GNJLI7UR3DRLSMUML /* IntIterator.m in Sources */,
				LSGEEGU4JWK6RR466T0TO4SK /* Lambda.m in Sources */,
				GCEHNK32C8G62EV3OSAURJ3K /* List.m in Sources */,
				H7Z1X18EWJ2HJPRE8K67K5Y4 /* Map.m in Sources */,
				X5V7CVF6Q9MU73L22D0B5OVI /* Reflect.m in Sources */,
				MZBEGFGIQWZGV8T1EY5K9DGF /* Std.m in Sources */,
				7JBY0JOC5ET1TDOTD85PM987 /* String.m in Sources */,
				V7183XD9VESXI0CQK8J4ZX7Z /* StringBuf.m in Sources */,
				HRQ9LBHX1CGY2JP7EEQUJ86T /* StringTools.m in Sources */,
				1RO2RAW4YPA7AFFIC8ANM26Q /* Sys.m in Sources */,
				1OMZ60HCG2ICL49KGN9OER94 /* TestC.m in Sources */,
				M90NY03DLZH00PCRQ7AF9TC2 /* TestHaxePack.m in Sources */,
				9Q6ZW3RN8V46RG22ZMXP7RC7 /* Tests.m in Sources */,
				3GC26DEVYS9TDG78ILAVDLWB /* Tests3.m in Sources */,
				CVRFK69ICTAD8KUL7KAR8GQI /* Type.m in Sources */,
				5FNO0MOZDOBYNOR9BM9H7SE0 /* haxe/CallStack.m in Sources */,
				CDIAZBO2UVXUY3BDUZFF40CK /* haxe/FastList.m in Sources */,
				JKTWE0GJV9SB8XNUWQTQ9CW2 /* haxe/Json.m in Sources */,
				N90STR6E27UFKH47TNZ0GUT3 /* haxe/Log.m in Sources */,
				OR7RHIOGUH2V224SEHCRGX05 /* haxe/Resource.m in Sources */,
				UABZZ2Q3LFNNKCWSV9JPPSKC /* haxe/Serializer.m in Sources */,
				3OLEHKKWMLZARO5TT7TM60AM /* haxe/Template.m in Sources */,
				DK5A0V6C0FIMLM9624CKQWY8 /* haxe/Timer.m in Sources */,
				IW31P4U6IZ46JSSK7EHKNJAJ /* haxe/Unserializer.m in Sources */,
				GU9KHQJGV7L23L50Z4CHA6UV /* haxe/crypto/Md5.m in Sources */,
				RH82Q5S78JMDJZ261U5V3JAU /* haxe/crypto/Sha1.m in Sources */,
				U5CS4G2WYQQQFT82J32R7ZAQ /* haxe/ds/HashMap.m in Sources */,
				6WVKOVEQQGYUI58FEF1K770P /* haxe/ds/IntMap.m in Sources */,
				1LF74EIR1CMIZMPC1BSADII0 /* haxe/ds/ObjectMap.m in Sources */,
				PMPDLMT5H8AAO48K55INPE47 /* haxe/ds/StringMap.m in Sources */,
				FB17SD3T4HDJBY9A0Z3MM2VA /* haxe/io/Bytes.m in Sources */,
				G1CT1FZWEF0W1TPKPXDEIISZ /* haxe/io/BytesBuffer.m in Sources */,
				VYLMIUHHBHIYCHDKC6IRBV4D /* haxe/io/Eof.m in Sources */,
				DRY739D14UZS15AJUMGA0B3E /* haxe/io/Input.m in Sources */,
				X4HFN1U6CFN7JFZYB1LHX8KE /* haxe/io/Output.m in Sources */,
				J2GX02GX7YR8R0QSWL5U3GAF /* objc/Lib.m in Sources */,
				HG2NTLNJEPRJRL9EN0S5Q8NE /* sys/io/FileInput.m in Sources */,
				UUQWBLCDHKLLZWWPEUBI69LS /* sys/io/FileOutput.m in Sources */,
			);
			runOnlyForDeploymentPostprocessing = 0;
		};
		XLZCLSQ143K3R8T7H5KFAKNF /* Sources */ = {
			isa = PBXSourcesBuildPhase;
			buildActionMask = 2147483647;
			files = (
				/* 28BFDA0B1628A95900882B34  TestsTests.m in Sources ,*/
			);
			runOnlyForDeploymentPostprocessing = 0;
		};
/* End PBXSourcesBuildPhase section */

/* Begin PBXTargetDependency section */
		DN9PI0LWWGNUCZGFE35VZYM8 /* PBXTargetDependency */ = {
			isa = PBXTargetDependency;
			target = T1VG61F1FUEQCMVJB6YRM36K /* Tests */;
			targetProxy = ASC6RLAX8FRN4Z8KR0HR9IKX /* PBXContainerItemProxy */;
		};
/* End PBXTargetDependency section */

/* Begin PBXVariantGroup section */
		IGIFK7X9CB2KUAGDR3TU64L5 /* InfoPlist.strings */ = {
			isa = PBXVariantGroup;
			children = (
				Z1WOGD9R5CI9M39GF5MQB4TV /* en */,
			);
			name = InfoPlist.strings;
			sourceTree = "<group>";
		};
		XS680SG66YUDZ09M0HYWWC7L /* InfoPlist.strings */ = {
			isa = PBXVariantGroup;
			children = (
				05F6W8465G32SSOMNHRLC6CJ /* en */,
			);
			name = InfoPlist.strings;
			sourceTree = "<group>";
		};
/* End PBXVariantGroup section */

/* Begin XCBuildConfiguration section */
		88QTRFT4EX8NWTK1DFML0AN3 /* Debug */ = {
			isa = XCBuildConfiguration;
			buildSettings = {
				ALWAYS_SEARCH_USER_PATHS = NO;
				CLANG_CXX_LANGUAGE_STANDARD = "gnu++0x";
				CLANG_CXX_LIBRARY = "libc++";
				CLANG_ENABLE_OBJC_ARC = YES;
				CLANG_WARN_EMPTY_BODY = YES;
				CLANG_WARN__DUPLICATE_METHOD_MATCH = YES;
				"CODE_SIGN_IDENTITY[sdk=iphoneos*]" = "iPhone Developer";
				COPY_PHASE_STRIP = NO;
				GCC_C_LANGUAGE_STANDARD = gnu99;
				GCC_DYNAMIC_NO_PIC = NO;
				GCC_OPTIMIZATION_LEVEL = 0;
				GCC_PREPROCESSOR_DEFINITIONS = (
					"DEBUG=1",
					"$(inherited)",
				);
				GCC_SYMBOLS_PRIVATE_EXTERN = NO;
				GCC_WARN_ABOUT_RETURN_TYPE = YES;
				GCC_WARN_UNINITIALIZED_AUTOS = YES;
				GCC_WARN_UNUSED_VARIABLE = YES;
				IPHONEOS_DEPLOYMENT_TARGET = 6.0;
				ONLY_ACTIVE_ARCH = YES;
				SDKROOT = iphoneos;
			};
			name = Debug;
		};
		X7Z43MEV36DRFIORL70ATUSI /* Release */ = {
			isa = XCBuildConfiguration;
			buildSettings = {
				ALWAYS_SEARCH_USER_PATHS = NO;
				CLANG_CXX_LANGUAGE_STANDARD = "gnu++0x";
				CLANG_CXX_LIBRARY = "libc++";
				CLANG_ENABLE_OBJC_ARC = YES;
				CLANG_WARN_EMPTY_BODY = YES;
				CLANG_WARN__DUPLICATE_METHOD_MATCH = YES;
				"CODE_SIGN_IDENTITY[sdk=iphoneos*]" = "iPhone Developer";
				COPY_PHASE_STRIP = YES;
				GCC_C_LANGUAGE_STANDARD = gnu99;
				GCC_WARN_ABOUT_RETURN_TYPE = YES;
				GCC_WARN_UNINITIALIZED_AUTOS = YES;
				GCC_WARN_UNUSED_VARIABLE = YES;
				IPHONEOS_DEPLOYMENT_TARGET = 6.0;
				OTHER_CFLAGS = "-DNS_BLOCK_ASSERTIONS=1";
				SDKROOT = iphoneos;
				VALIDATE_PRODUCT = YES;
			};
			name = Release;
		};
		H1HY3A1W5TYTDQXE9CFEF9SH /* Debug */ = {
			isa = XCBuildConfiguration;
			buildSettings = {
				CODE_SIGN_IDENTITY = "iPhone Developer";
				GCC_PRECOMPILE_PREFIX_HEADER = YES;
				GCC_PREFIX_HEADER = "Tests/Tests-Prefix.pch";
				INFOPLIST_FILE = "Tests/Tests-Info.plist";
				PRODUCT_NAME = "$(TARGET_NAME)";
				PROVISIONING_PROFILE = "";
				WRAPPER_EXTENSION = app;
			};
			name = Debug;
		};
		FFSS3JU7ZJX4Z9Y8GDJSOJZT /* Release */ = {
			isa = XCBuildConfiguration;
			buildSettings = {
				GCC_PRECOMPILE_PREFIX_HEADER = YES;
				GCC_PREFIX_HEADER = "Tests/Tests-Prefix.pch";
				INFOPLIST_FILE = "Tests/Tests-Info.plist";
				PRODUCT_NAME = "$(TARGET_NAME)";
				WRAPPER_EXTENSION = app;
			};
			name = Release;
		};
		CVILMZ91CBV2GZE1MYX8V0RY /* Debug */ = {
			isa = XCBuildConfiguration;
			buildSettings = {
				BUNDLE_LOADER = "$(BUILT_PRODUCTS_DIR)/Tests.app/Tests";
				FRAMEWORK_SEARCH_PATHS = (
					"\"$(SDKROOT)/Developer/Library/Frameworks\"",
					"\"$(DEVELOPER_LIBRARY_DIR)/Frameworks\"",
				);
				GCC_PRECOMPILE_PREFIX_HEADER = YES;
				GCC_PREFIX_HEADER = "Tests/Tests-Prefix.pch";
				INFOPLIST_FILE = "TestsTests/TestsTests-Info.plist";
				PRODUCT_NAME = "$(TARGET_NAME)";
				TEST_HOST = "$(BUNDLE_LOADER)";
				WRAPPER_EXTENSION = octest;
			};
			name = Debug;
		};
		EQ6VO6W1KR3IETHQ3FDOPW0X /* Release */ = {
			isa = XCBuildConfiguration;
			buildSettings = {
				BUNDLE_LOADER = "$(BUILT_PRODUCTS_DIR)/Tests.app/Tests";
				FRAMEWORK_SEARCH_PATHS = (
					"\"$(SDKROOT)/Developer/Library/Frameworks\"",
					"\"$(DEVELOPER_LIBRARY_DIR)/Frameworks\"",
				);
				GCC_PRECOMPILE_PREFIX_HEADER = YES;
				GCC_PREFIX_HEADER = "Tests/Tests-Prefix.pch";
				INFOPLIST_FILE = "TestsTests/TestsTests-Info.plist";
				PRODUCT_NAME = "$(TARGET_NAME)";
				TEST_HOST = "$(BUNDLE_LOADER)";
				WRAPPER_EXTENSION = octest;
			};
			name = Release;
		};
/* End XCBuildConfiguration section */

/* Begin XCConfigurationList section */
		2U02OF78LZ3W13GGKU1NCC4A /* Build configuration list for PBXProject "Tests" */ = {
			isa = XCConfigurationList;
			buildConfigurations = (
				88QTRFT4EX8NWTK1DFML0AN3 /* Debug */,
				X7Z43MEV36DRFIORL70ATUSI /* Release */,
			);
			defaultConfigurationIsVisible = 0;
			defaultConfigurationName = Release;
		};
		XU9UESYNIINA405FSGREA2VK /* Build configuration list for PBXNativeTarget "Tests" */ = {
			isa = XCConfigurationList;
			buildConfigurations = (
				H1HY3A1W5TYTDQXE9CFEF9SH /* Debug */,
				FFSS3JU7ZJX4Z9Y8GDJSOJZT /* Release */,
			);
			defaultConfigurationIsVisible = 0;
			defaultConfigurationName = Release;
		};
		ANSEWQ75VNBU0YJ3PWK2PAPE /* Build configuration list for PBXNativeTarget "TestsTests" */ = {
			isa = XCConfigurationList;
			buildConfigurations = (
				CVILMZ91CBV2GZE1MYX8V0RY /* Debug */,
				EQ6VO6W1KR3IETHQ3FDOPW0X /* Release */,
			);
			defaultConfigurationIsVisible = 0;
			defaultConfigurationName = Release;
		};
/* End XCConfigurationList section */
	};
	rootObject = ZHJMXUJZ4UGZ6TAF2GRJ7VAX /* Project object */;
}
