{
	archiveVersion = 1;
	classes = {
	};
	objectVersion = 46;
	objects = {

/* Begin PBXBuildFile section */
		D1KNZU4O32KHVGLRCT7NWZPB /* Foundation.framework in Frameworks */ = {isa = PBXBuildFile; fileRef = FQYYCST7ZCEYK9R8ICXMX2PW; };
		653YZDRP5L58Y4XAMZIDWFC1 /* Array.m in Sources */ = {isa = PBXBuildFile; fileRef = 5G9VNYL5Q4WAD996PJNO9MAA; };
		K2ZFCTSARPI5J0ARM9KY00IF /* Date.m in Sources */ = {isa = PBXBuildFile; fileRef = GHYJEVUAURHG26QWEC4PDE3Q; };
		DEPFNXO1TDJLSZRX1FG4TZOF /* DateTools.m in Sources */ = {isa = PBXBuildFile; fileRef = D10EK0GS862YBAVJARZOA6US; };
		NJ6PLM6SRGW5HOKH3P4132Y9 /* EReg.m in Sources */ = {isa = PBXBuildFile; fileRef = P6S335K21ZXUFFZ13J78CJ35; };
		OQVVQR0X9KK7LGL1HKX6QP84 /* Hash.m in Sources */ = {isa = PBXBuildFile; fileRef = 2DZRV8JEKVPWLJ67HU2LB8UN; };
		39G8BR8C0VMJ5IRVIIGL6B9N /* IntHash.m in Sources */ = {isa = PBXBuildFile; fileRef = FJWVVR3B4MECMMXL252UQAMD; };
		U2BVPQWTI1JL60EIUF2R64XI /* IntIterator.m in Sources */ = {isa = PBXBuildFile; fileRef = G9RLRH1AUCV60EWVTP9HJCUB; };
		O0S82GQML5M84ULU8UI4SX0W /* Lambda.m in Sources */ = {isa = PBXBuildFile; fileRef = 6G2DW599HIG6ESF4JZT10NW8; };
		QSBESCKVJJ09EJ6CAMR3Z2MF /* List.m in Sources */ = {isa = PBXBuildFile; fileRef = OFMDWJXM8WQWUMKP7R0AA52Q; };
		IRHXT89SMVF2J1KHQTKQOUFF /* Reflect.m in Sources */ = {isa = PBXBuildFile; fileRef = OLEP4GCREPBIFNQISPG4GV90; };
		ADCL9PDU4T9L73YYBMOQHKLD /* Std.m in Sources */ = {isa = PBXBuildFile; fileRef = 8CGPOCDCFDE3LTKPPCYITLM3; };
		I56V0T16L1HCNQMAF1SVUOLC /* String.m in Sources */ = {isa = PBXBuildFile; fileRef = M1EVCZD6EDU0JWCZ7P3JGAUC; };
		FAS1MANPDFT60003A6LUDPVF /* StringBuf.m in Sources */ = {isa = PBXBuildFile; fileRef = WNKMSDFNHL7TLXDIP7YKN223; };
		R9A3YXAF9ZNF8AFCT5KFR9J5 /* StringTools.m in Sources */ = {isa = PBXBuildFile; fileRef = XSBWT73KIK4XU9D5W380BQTP; };
		AZQMT2RLZGWJ4QRH8WEVDVDY /* Sys.m in Sources */ = {isa = PBXBuildFile; fileRef = 05KVHJ6TC6W0UY6P794OTGAU; };
		KPTTY8JY63H4IC5L1DN44RBA /* TestC.m in Sources */ = {isa = PBXBuildFile; fileRef = 9LT400G3TCEX94GW6VI0XAD0; };
		BRW7YRPIACJOR0LHUV56BWZY /* TestHaxePack.m in Sources */ = {isa = PBXBuildFile; fileRef = 417YF1TH69UV6AG2RCPNBRCE; };
		CY337HAM6AFK189QUE7V51RA /* Tests.m in Sources */ = {isa = PBXBuildFile; fileRef = 9NEHXGW8SMYIXNKJOROB6BX1; };
		M7ZOZ8GIY4KLKZEP7SZ1LNF7 /* Tests3.m in Sources */ = {isa = PBXBuildFile; fileRef = LYL8HLVCIYFRURBSN76IH262; };
		JLE6STC8X5R951F5C9N8VNJX /* Type.m in Sources */ = {isa = PBXBuildFile; fileRef = OU5KFH5X5CBXU3X9RBB92F17; };
		1Y4KNK4L6JMLMPYGZ2W1QPMC /* CallStack.m in Sources */ = {isa = PBXBuildFile; fileRef = HWGTUVXVFOH091SXGJ1VV8ET; };
		CRZSFKABVH5UHA7DX3QFYTMC /* FastList.m in Sources */ = {isa = PBXBuildFile; fileRef = R0XIRH2KLG4S57WMK14GA77L; };
		PRR699X52HJSVX4WGNTJCK99 /* Json.m in Sources */ = {isa = PBXBuildFile; fileRef = Y5XP4CBPQCO8LCI5NDDAQ9XP; };
		O2DRRZHJ06DUYBQJGWPEFQUD /* Log.m in Sources */ = {isa = PBXBuildFile; fileRef = AA4NTG8ETAO0RJRJ6UKE6PWQ; };
		L5UOYX7A9LKV31A4WF7U6I95 /* Resource.m in Sources */ = {isa = PBXBuildFile; fileRef = HW7LTO64CDONZ16RLSRBNOM5; };
		HWLDT7853YMRXWS8ZQ2XCE3H /* Serializer.m in Sources */ = {isa = PBXBuildFile; fileRef = 5ZZGLVC1NKD3F4HL1BDPMI1M; };
		OO0OQM7QE671OIDN2RMXAYM4 /* Template.m in Sources */ = {isa = PBXBuildFile; fileRef = O9QBY6Y48R67GFEC1QFGD49A; };
		I5GC4ALVYCS5WQYNJG3E4E0N /* Timer.m in Sources */ = {isa = PBXBuildFile; fileRef = P9RPX9Q4QKDBMZFDZAY9YQI5; };
		8IABSK0YODJLJHQQPBQRUSUZ /* Unserializer.m in Sources */ = {isa = PBXBuildFile; fileRef = IJAO9C3SO6I090WRM5DI88A4; };
		QCVU6P58C494O5RCN6PXL9KS /* Md5.m in Sources */ = {isa = PBXBuildFile; fileRef = 2X14L54O5NE6UGA56JBA662D; };
		94Q0YXPAO5JYICORWCAXG0BP /* Sha1.m in Sources */ = {isa = PBXBuildFile; fileRef = 035YMYH7298G2M9H91JL00C3; };
		S5M3A9P2RTMS99RZUR5ETWUB /* Bytes.m in Sources */ = {isa = PBXBuildFile; fileRef = UNFZ3L020VCVGDF9DXTYWJYK; };
		XXTYY3BCOMRCVTANGKHXZ4P1 /* BytesBuffer.m in Sources */ = {isa = PBXBuildFile; fileRef = ZZKM38Q5P4R2YW9A9XRMFDJQ; };
		AUL3F7QYT43XQNOAXUG4LPB9 /* Eof.m in Sources */ = {isa = PBXBuildFile; fileRef = EF8OPQ63EFT4T6OU7LX7VXZP; };
		89V0P30HBP3ISNXLBXBLAR7R /* Input.m in Sources */ = {isa = PBXBuildFile; fileRef = W842BO0NOGCS0GJXLJ74JK3U; };
		P38K09J6TTZZEK8OXM646AEO /* Output.m in Sources */ = {isa = PBXBuildFile; fileRef = VAF9HNBTTGP8EFPF6W72Z1I3; };
		UB6VARWKBRIDZBOMXUWHLD6Q /* Lib.m in Sources */ = {isa = PBXBuildFile; fileRef = DXRKJTL8PBAYR4BNU2HJ9OCN; };
		YWSFV31XYM7F2S4GCE5OS4R2 /* FileInput.m in Sources */ = {isa = PBXBuildFile; fileRef = 6E73W6WRNUQ2O0QGKVLG9D39; };
		A4TLXEHP6Q773RIWBP81BDRQ /* FileOutput.m in Sources */ = {isa = PBXBuildFile; fileRef = B2SQ54S8803S5KYU090UFO1D; };
		728QQ4807N7KUVRC1J1ZNDYO /* haxe in Resources */ = {isa = PBXBuildFile; fileRef = 78MGFFOHPZ9QMNSP9I7JLXYL; };
		B6FZFUZFUITFAY6JBDR6ZUPP /* objc in Resources */ = {isa = PBXBuildFile; fileRef = DREA5MMCRT95DCLFF7S9D03B; };
		7FI2I094IWMM7W0DLPULDIYB /* sys in Resources */ = {isa = PBXBuildFile; fileRef = BPSUCI53SS0QFIEEGEV9Q8LQ; };
		I099F6C2WH0NZEHO4EFSOWRR /* InfoPlist.strings in Resources */ = {isa = PBXBuildFile; fileRef = WOBWF3D7OQ049PD16ESHU8CF /* InfoPlist.strings */; };
		2LWVN9J65ZW37JK6EQK4ETC6 /* InfoPlist.strings in Resources */ = {isa = PBXBuildFile; fileRef = ZTSQPSYZIMBVHM864ZQ05Y8A /* InfoPlist.strings */; };
		JFX8RZ0Y3VH8FT03BOFZ4OAG /* main.m in Sources */ = {isa = PBXBuildFile; fileRef = OH41RRYTYE1BYBH5GZXDJUF1 /* main.m */; };
/* End PBXBuildFile section */

/* Begin PBXContainerItemProxy section */
		YC95R0OWJS9IL8QWB8SLR0O2 /* PBXContainerItemProxy */ = {
			isa = PBXContainerItemProxy;
			containerPortal = 3XJDWTBPV92EQT2BY81MH9OQ /* Project object */;
			proxyType = 1;
			remoteGlobalIDString = 3IJWONES2E5HZCTN08W4ZYW0;
			remoteInfo = Tests;
		};
/* End PBXContainerItemProxy section */


/* Begin PBXFileReference section */
		FQYYCST7ZCEYK9R8ICXMX2PW /* Foundation.framework */ = {isa = PBXFileReference; lastKnownFileType = wrapper.framework; name = Foundation.framework; path = System/Library/Frameworks/Foundation.framework; sourceTree = SDKROOT; };
		5G9VNYL5Q4WAD996PJNO9MAA /* Array.m */ = {isa = PBXFileReference; lastKnownFileType = sourcecode.c.objc; path = Array.m; sourceTree = "<group>"; };
		DO6HKE1NOHRHKS0RRKU8ACXD /* Array.h */ = {isa = PBXFileReference; lastKnownFileType = sourcecode.c.h; path = Array.h; sourceTree = "<group>"; };
		GHYJEVUAURHG26QWEC4PDE3Q /* Date.m */ = {isa = PBXFileReference; lastKnownFileType = sourcecode.c.objc; path = Date.m; sourceTree = "<group>"; };
		T6MZN38KSVPQCIP9V069BSDY /* Date.h */ = {isa = PBXFileReference; lastKnownFileType = sourcecode.c.h; path = Date.h; sourceTree = "<group>"; };
		D10EK0GS862YBAVJARZOA6US /* DateTools.m */ = {isa = PBXFileReference; lastKnownFileType = sourcecode.c.objc; path = DateTools.m; sourceTree = "<group>"; };
		D86WA063QAKAK6IVGFPLS7J4 /* DateTools.h */ = {isa = PBXFileReference; lastKnownFileType = sourcecode.c.h; path = DateTools.h; sourceTree = "<group>"; };
		P6S335K21ZXUFFZ13J78CJ35 /* EReg.m */ = {isa = PBXFileReference; lastKnownFileType = sourcecode.c.objc; path = EReg.m; sourceTree = "<group>"; };
		7TC1SC82BW7KXTW8IGISH3ET /* EReg.h */ = {isa = PBXFileReference; lastKnownFileType = sourcecode.c.h; path = EReg.h; sourceTree = "<group>"; };
		2DZRV8JEKVPWLJ67HU2LB8UN /* Hash.m */ = {isa = PBXFileReference; lastKnownFileType = sourcecode.c.objc; path = Hash.m; sourceTree = "<group>"; };
		B8VZ140NDLVEFSVX2NZRO7VN /* Hash.h */ = {isa = PBXFileReference; lastKnownFileType = sourcecode.c.h; path = Hash.h; sourceTree = "<group>"; };
		FJWVVR3B4MECMMXL252UQAMD /* IntHash.m */ = {isa = PBXFileReference; lastKnownFileType = sourcecode.c.objc; path = IntHash.m; sourceTree = "<group>"; };
		DQE1Z7LZU9WK2AUREXZNEJ4G /* IntHash.h */ = {isa = PBXFileReference; lastKnownFileType = sourcecode.c.h; path = IntHash.h; sourceTree = "<group>"; };
		G9RLRH1AUCV60EWVTP9HJCUB /* IntIterator.m */ = {isa = PBXFileReference; lastKnownFileType = sourcecode.c.objc; path = IntIterator.m; sourceTree = "<group>"; };
		3RYTKWJ0GZH69PZ2D9CE8983 /* IntIterator.h */ = {isa = PBXFileReference; lastKnownFileType = sourcecode.c.h; path = IntIterator.h; sourceTree = "<group>"; };
		6G2DW599HIG6ESF4JZT10NW8 /* Lambda.m */ = {isa = PBXFileReference; lastKnownFileType = sourcecode.c.objc; path = Lambda.m; sourceTree = "<group>"; };
		U3TFX6EDER9QBZJMOGSMRWM8 /* Lambda.h */ = {isa = PBXFileReference; lastKnownFileType = sourcecode.c.h; path = Lambda.h; sourceTree = "<group>"; };
		OFMDWJXM8WQWUMKP7R0AA52Q /* List.m */ = {isa = PBXFileReference; lastKnownFileType = sourcecode.c.objc; path = List.m; sourceTree = "<group>"; };
		B0949IJL0CDFN3HJDQWT4UTG /* List.h */ = {isa = PBXFileReference; lastKnownFileType = sourcecode.c.h; path = List.h; sourceTree = "<group>"; };
		OLEP4GCREPBIFNQISPG4GV90 /* Reflect.m */ = {isa = PBXFileReference; lastKnownFileType = sourcecode.c.objc; path = Reflect.m; sourceTree = "<group>"; };
		T5QP1VHI10DM47WLMCW3EUVN /* Reflect.h */ = {isa = PBXFileReference; lastKnownFileType = sourcecode.c.h; path = Reflect.h; sourceTree = "<group>"; };
		8CGPOCDCFDE3LTKPPCYITLM3 /* Std.m */ = {isa = PBXFileReference; lastKnownFileType = sourcecode.c.objc; path = Std.m; sourceTree = "<group>"; };
		03LLMNXLWIGZ4O81HZONMIG0 /* Std.h */ = {isa = PBXFileReference; lastKnownFileType = sourcecode.c.h; path = Std.h; sourceTree = "<group>"; };
		M1EVCZD6EDU0JWCZ7P3JGAUC /* String.m */ = {isa = PBXFileReference; lastKnownFileType = sourcecode.c.objc; path = String.m; sourceTree = "<group>"; };
		8RERBIS18GNZAY3ZAT3U4H1I /* String.h */ = {isa = PBXFileReference; lastKnownFileType = sourcecode.c.h; path = String.h; sourceTree = "<group>"; };
		WNKMSDFNHL7TLXDIP7YKN223 /* StringBuf.m */ = {isa = PBXFileReference; lastKnownFileType = sourcecode.c.objc; path = StringBuf.m; sourceTree = "<group>"; };
		P7G5CY18APU1MUUVESJJMKMT /* StringBuf.h */ = {isa = PBXFileReference; lastKnownFileType = sourcecode.c.h; path = StringBuf.h; sourceTree = "<group>"; };
		XSBWT73KIK4XU9D5W380BQTP /* StringTools.m */ = {isa = PBXFileReference; lastKnownFileType = sourcecode.c.objc; path = StringTools.m; sourceTree = "<group>"; };
		5XS9TXBX8A6SLX1YKKOW790J /* StringTools.h */ = {isa = PBXFileReference; lastKnownFileType = sourcecode.c.h; path = StringTools.h; sourceTree = "<group>"; };
		05KVHJ6TC6W0UY6P794OTGAU /* Sys.m */ = {isa = PBXFileReference; lastKnownFileType = sourcecode.c.objc; path = Sys.m; sourceTree = "<group>"; };
		T8RKNQAMS9X3M5C8OQFUMVWF /* Sys.h */ = {isa = PBXFileReference; lastKnownFileType = sourcecode.c.h; path = Sys.h; sourceTree = "<group>"; };
		9LT400G3TCEX94GW6VI0XAD0 /* TestC.m */ = {isa = PBXFileReference; lastKnownFileType = sourcecode.c.objc; path = TestC.m; sourceTree = "<group>"; };
		ONXCTK7KVLPISWD7GTF5MPU3 /* TestC.h */ = {isa = PBXFileReference; lastKnownFileType = sourcecode.c.h; path = TestC.h; sourceTree = "<group>"; };
		417YF1TH69UV6AG2RCPNBRCE /* TestHaxePack.m */ = {isa = PBXFileReference; lastKnownFileType = sourcecode.c.objc; path = TestHaxePack.m; sourceTree = "<group>"; };
		0ZC1IIUVRG3V5G32SLJQQEKY /* TestHaxePack.h */ = {isa = PBXFileReference; lastKnownFileType = sourcecode.c.h; path = TestHaxePack.h; sourceTree = "<group>"; };
		9NEHXGW8SMYIXNKJOROB6BX1 /* Tests.m */ = {isa = PBXFileReference; lastKnownFileType = sourcecode.c.objc; path = Tests.m; sourceTree = "<group>"; };
		LYL8HLVCIYFRURBSN76IH262 /* Tests3.m */ = {isa = PBXFileReference; lastKnownFileType = sourcecode.c.objc; path = Tests3.m; sourceTree = "<group>"; };
		OU5KFH5X5CBXU3X9RBB92F17 /* Type.m */ = {isa = PBXFileReference; lastKnownFileType = sourcecode.c.objc; path = Type.m; sourceTree = "<group>"; };
		HWGTUVXVFOH091SXGJ1VV8ET /* haxe/CallStack.m */ = {isa = PBXFileReference; lastKnownFileType = sourcecode.c.objc; name = CallStack.m; path = Tests/haxe/CallStack.m; sourceTree = SOURCE_ROOT; };
		R0XIRH2KLG4S57WMK14GA77L /* haxe/FastList.m */ = {isa = PBXFileReference; lastKnownFileType = sourcecode.c.objc; name = FastList.m; path = Tests/haxe/FastList.m; sourceTree = SOURCE_ROOT; };
		0KCX1NSGYO8JGBIR1QL0MX04 /* haxe/FastList.h */ = {isa = PBXFileReference; lastKnownFileType = sourcecode.c.h; name = FastList.h; path = Tests/haxe/FastList.h; sourceTree = SOURCE_ROOT; };
		Y5XP4CBPQCO8LCI5NDDAQ9XP /* haxe/Json.m */ = {isa = PBXFileReference; lastKnownFileType = sourcecode.c.objc; name = Json.m; path = Tests/haxe/Json.m; sourceTree = SOURCE_ROOT; };
		RPZAGTG9V23VNZMZI8VJS9G7 /* haxe/Json.h */ = {isa = PBXFileReference; lastKnownFileType = sourcecode.c.h; name = Json.h; path = Tests/haxe/Json.h; sourceTree = SOURCE_ROOT; };
		AA4NTG8ETAO0RJRJ6UKE6PWQ /* haxe/Log.m */ = {isa = PBXFileReference; lastKnownFileType = sourcecode.c.objc; name = Log.m; path = Tests/haxe/Log.m; sourceTree = SOURCE_ROOT; };
		OJL0KCZ308HF37Z89LOZG7QP /* haxe/Log.h */ = {isa = PBXFileReference; lastKnownFileType = sourcecode.c.h; name = Log.h; path = Tests/haxe/Log.h; sourceTree = SOURCE_ROOT; };
		HW7LTO64CDONZ16RLSRBNOM5 /* haxe/Resource.m */ = {isa = PBXFileReference; lastKnownFileType = sourcecode.c.objc; name = Resource.m; path = Tests/haxe/Resource.m; sourceTree = SOURCE_ROOT; };
		XLCT9PGESQQN3UH59PS04G38 /* haxe/Resource.h */ = {isa = PBXFileReference; lastKnownFileType = sourcecode.c.h; name = Resource.h; path = Tests/haxe/Resource.h; sourceTree = SOURCE_ROOT; };
		5ZZGLVC1NKD3F4HL1BDPMI1M /* haxe/Serializer.m */ = {isa = PBXFileReference; lastKnownFileType = sourcecode.c.objc; name = Serializer.m; path = Tests/haxe/Serializer.m; sourceTree = SOURCE_ROOT; };
		AT3UY35KRIC3TG2QIZQ9DZ93 /* haxe/Serializer.h */ = {isa = PBXFileReference; lastKnownFileType = sourcecode.c.h; name = Serializer.h; path = Tests/haxe/Serializer.h; sourceTree = SOURCE_ROOT; };
		O9QBY6Y48R67GFEC1QFGD49A /* haxe/Template.m */ = {isa = PBXFileReference; lastKnownFileType = sourcecode.c.objc; name = Template.m; path = Tests/haxe/Template.m; sourceTree = SOURCE_ROOT; };
		P9RPX9Q4QKDBMZFDZAY9YQI5 /* haxe/Timer.m */ = {isa = PBXFileReference; lastKnownFileType = sourcecode.c.objc; name = Timer.m; path = Tests/haxe/Timer.m; sourceTree = SOURCE_ROOT; };
		KD3YEABG75QMH9E4NKJX4CQU /* haxe/Timer.h */ = {isa = PBXFileReference; lastKnownFileType = sourcecode.c.h; name = Timer.h; path = Tests/haxe/Timer.h; sourceTree = SOURCE_ROOT; };
		IJAO9C3SO6I090WRM5DI88A4 /* haxe/Unserializer.m */ = {isa = PBXFileReference; lastKnownFileType = sourcecode.c.objc; name = Unserializer.m; path = Tests/haxe/Unserializer.m; sourceTree = SOURCE_ROOT; };
		GOO6QBLD6FRCC0IQJ470FXGH /* haxe/Unserializer.h */ = {isa = PBXFileReference; lastKnownFileType = sourcecode.c.h; name = Unserializer.h; path = Tests/haxe/Unserializer.h; sourceTree = SOURCE_ROOT; };
		2X14L54O5NE6UGA56JBA662D /* haxe/crypto/Md5.m */ = {isa = PBXFileReference; lastKnownFileType = sourcecode.c.objc; name = Md5.m; path = Tests/haxe/crypto/Md5.m; sourceTree = SOURCE_ROOT; };
		ZNIE7LYDWUP345ROYPZRRGGO /* haxe/crypto/Md5.h */ = {isa = PBXFileReference; lastKnownFileType = sourcecode.c.h; name = Md5.h; path = Tests/haxe/crypto/Md5.h; sourceTree = SOURCE_ROOT; };
		035YMYH7298G2M9H91JL00C3 /* haxe/crypto/Sha1.m */ = {isa = PBXFileReference; lastKnownFileType = sourcecode.c.objc; name = Sha1.m; path = Tests/haxe/crypto/Sha1.m; sourceTree = SOURCE_ROOT; };
		ENSQ75I1W1WXXP2HAHHC7CCW /* haxe/crypto/Sha1.h */ = {isa = PBXFileReference; lastKnownFileType = sourcecode.c.h; name = Sha1.h; path = Tests/haxe/crypto/Sha1.h; sourceTree = SOURCE_ROOT; };
		UNFZ3L020VCVGDF9DXTYWJYK /* haxe/io/Bytes.m */ = {isa = PBXFileReference; lastKnownFileType = sourcecode.c.objc; name = Bytes.m; path = Tests/haxe/io/Bytes.m; sourceTree = SOURCE_ROOT; };
		35U88S6FQ96UHYX869H5MMOV /* haxe/io/Bytes.h */ = {isa = PBXFileReference; lastKnownFileType = sourcecode.c.h; name = Bytes.h; path = Tests/haxe/io/Bytes.h; sourceTree = SOURCE_ROOT; };
		ZZKM38Q5P4R2YW9A9XRMFDJQ /* haxe/io/BytesBuffer.m */ = {isa = PBXFileReference; lastKnownFileType = sourcecode.c.objc; name = BytesBuffer.m; path = Tests/haxe/io/BytesBuffer.m; sourceTree = SOURCE_ROOT; };
		0UHO755XT94T3GLSVY3EXS8C /* haxe/io/BytesBuffer.h */ = {isa = PBXFileReference; lastKnownFileType = sourcecode.c.h; name = BytesBuffer.h; path = Tests/haxe/io/BytesBuffer.h; sourceTree = SOURCE_ROOT; };
		EF8OPQ63EFT4T6OU7LX7VXZP /* haxe/io/Eof.m */ = {isa = PBXFileReference; lastKnownFileType = sourcecode.c.objc; name = Eof.m; path = Tests/haxe/io/Eof.m; sourceTree = SOURCE_ROOT; };
		YIHG1VMKT835JGUI11ZZDRF3 /* haxe/io/Eof.h */ = {isa = PBXFileReference; lastKnownFileType = sourcecode.c.h; name = Eof.h; path = Tests/haxe/io/Eof.h; sourceTree = SOURCE_ROOT; };
		W842BO0NOGCS0GJXLJ74JK3U /* haxe/io/Input.m */ = {isa = PBXFileReference; lastKnownFileType = sourcecode.c.objc; name = Input.m; path = Tests/haxe/io/Input.m; sourceTree = SOURCE_ROOT; };
		Q7QY5XXNE25OSSJUB8Z8OE8W /* haxe/io/Input.h */ = {isa = PBXFileReference; lastKnownFileType = sourcecode.c.h; name = Input.h; path = Tests/haxe/io/Input.h; sourceTree = SOURCE_ROOT; };
		VAF9HNBTTGP8EFPF6W72Z1I3 /* haxe/io/Output.m */ = {isa = PBXFileReference; lastKnownFileType = sourcecode.c.objc; name = Output.m; path = Tests/haxe/io/Output.m; sourceTree = SOURCE_ROOT; };
		14SMV8WMMEE6BSA9UNSIJBHX /* haxe/io/Output.h */ = {isa = PBXFileReference; lastKnownFileType = sourcecode.c.h; name = Output.h; path = Tests/haxe/io/Output.h; sourceTree = SOURCE_ROOT; };
		DXRKJTL8PBAYR4BNU2HJ9OCN /* objc/Lib.m */ = {isa = PBXFileReference; lastKnownFileType = sourcecode.c.objc; name = Lib.m; path = Tests/objc/Lib.m; sourceTree = SOURCE_ROOT; };
		7TAZICP80F5QAZ0SZFEOIL2P /* objc/Lib.h */ = {isa = PBXFileReference; lastKnownFileType = sourcecode.c.h; name = Lib.h; path = Tests/objc/Lib.h; sourceTree = SOURCE_ROOT; };
		6E73W6WRNUQ2O0QGKVLG9D39 /* sys/io/FileInput.m */ = {isa = PBXFileReference; lastKnownFileType = sourcecode.c.objc; name = FileInput.m; path = Tests/sys/io/FileInput.m; sourceTree = SOURCE_ROOT; };
		UGY7IZRMBTWXYUOXQKI6RHI3 /* sys/io/FileInput.h */ = {isa = PBXFileReference; lastKnownFileType = sourcecode.c.h; name = FileInput.h; path = Tests/sys/io/FileInput.h; sourceTree = SOURCE_ROOT; };
		B2SQ54S8803S5KYU090UFO1D /* sys/io/FileOutput.m */ = {isa = PBXFileReference; lastKnownFileType = sourcecode.c.objc; name = FileOutput.m; path = Tests/sys/io/FileOutput.m; sourceTree = SOURCE_ROOT; };
		X3Q02GHVPCFS8QH6BOGZ67O3 /* sys/io/FileOutput.h */ = {isa = PBXFileReference; lastKnownFileType = sourcecode.c.h; name = FileOutput.h; path = Tests/sys/io/FileOutput.h; sourceTree = SOURCE_ROOT; };
		78MGFFOHPZ9QMNSP9I7JLXYL /* haxe/ */ = {isa = PBXFileReference; lastKnownFileType = folder; path = haxe; sourceTree = "<group>"; };
		DREA5MMCRT95DCLFF7S9D03B /* objc/ */ = {isa = PBXFileReference; lastKnownFileType = folder; path = objc; sourceTree = "<group>"; };
		BPSUCI53SS0QFIEEGEV9Q8LQ /* sys/io/ */ = {isa = PBXFileReference; lastKnownFileType = folder; path = sys; sourceTree = "<group>"; };
		TBMTJUBNYXA17SBX7UYUZII0 /* en */ = {isa = PBXFileReference; lastKnownFileType = text.plist.strings; name = en; path = en.lproj/InfoPlist.strings; sourceTree = "<group>"; };
		U9M5P3KUT3D7SXHG2GDTNUMY /* en */ = {isa = PBXFileReference; lastKnownFileType = text.plist.strings; name = en; path = en.lproj/InfoPlist.strings; sourceTree = "<group>"; };
		90I0SS6OO4DWMR0U5M37H3BW /* Tests-Info.plist */ = {isa = PBXFileReference; lastKnownFileType = text.plist.xml; path = "Tests-Info.plist"; sourceTree = "<group>"; };
		BEBI2JH8MVE3USN6SB6JNKMN /* Tests-Prefix.pch */ = {isa = PBXFileReference; lastKnownFileType = sourcecode.c.h; path = "Tests-Prefix.pch"; sourceTree = "<group>"; };
		OH41RRYTYE1BYBH5GZXDJUF1 /* main.m */ = {isa = PBXFileReference; lastKnownFileType = sourcecode.c.objc; path = main.m; sourceTree = "<group>"; };
		98FLOEC7OBAFCYL5Z3XR5L2M /* Tests.app */ = {isa = PBXFileReference; explicitFileType = wrapper.application; includeInIndex = 0; path = Tests.app; sourceTree = BUILT_PRODUCTS_DIR; };
		ZZTU0JSBXL2RTZYOOOM54QIE /* TestsTests.octest */ = {isa = PBXFileReference; explicitFileType = wrapper.cfbundle; includeInIndex = 0; path = TestsTests.octest; sourceTree = BUILT_PRODUCTS_DIR; };
/* End PBXFileReference section */


/* Begin PBXFrameworksBuildPhase section */
		6MUKOFIU95QEO0FN8KWB2ZZ9 /* Frameworks */ = {
			isa = PBXFrameworksBuildPhase;
			buildActionMask = 2147483647;
			files = (
				D1KNZU4O32KHVGLRCT7NWZPB /* Foundation.framework in Frameworks */,
			);
			runOnlyForDeploymentPostprocessing = 0;
		};
		7STOQAYJV9S6TVD0Y1Y55BOI /* Frameworks */ = {
			isa = PBXFrameworksBuildPhase;
			buildActionMask = 2147483647;
			files = (
				D1KNZU4O32KHVGLRCT7NWZPB /* Foundation.framework in Frameworks */,
			);
			runOnlyForDeploymentPostprocessing = 0;
		};
/* End PBXFrameworksBuildPhase section */

/* Begin PBXGroup section */
		GDI2J3OPWYD2SAX35L8YSPRR = {
			isa = PBXGroup;
			children = (
				M3X3NTLX4TAODKI01JAH1OOU /* Tests */,
				05DATQI397XJJV6KSGBMYCCH /* TestsTests */,
				H65IUG5CCCXLQT9GDEQYYEY3 /* Frameworks */,
				AKTZVKJIREFWPMHM14VUEYEH /* Products */,
			);
			sourceTree = "<group>";
		};
		AKTZVKJIREFWPMHM14VUEYEH /* Products */ = {
			isa = PBXGroup;
			children = (
				98FLOEC7OBAFCYL5Z3XR5L2M /* Tests.app */,
				ZZTU0JSBXL2RTZYOOOM54QIE /* TestsTests.octest */,
			);
			name = Products;
			sourceTree = "<group>";
		};
		H65IUG5CCCXLQT9GDEQYYEY3 /* Frameworks */ = {
			isa = PBXGroup;
			children = (
				FQYYCST7ZCEYK9R8ICXMX2PW /* Foundation.framework in Frameworks */,
			);
			name = Frameworks;
			sourceTree = "<group>";
		};
		M3X3NTLX4TAODKI01JAH1OOU /* Tests */ = {
			isa = PBXGroup;
			children = (
				5G9VNYL5Q4WAD996PJNO9MAA /* Array.m */,
				DO6HKE1NOHRHKS0RRKU8ACXD /* Array.h */,
				GHYJEVUAURHG26QWEC4PDE3Q /* Date.m */,
				T6MZN38KSVPQCIP9V069BSDY /* Date.h */,
				D10EK0GS862YBAVJARZOA6US /* DateTools.m */,
				D86WA063QAKAK6IVGFPLS7J4 /* DateTools.h */,
				P6S335K21ZXUFFZ13J78CJ35 /* EReg.m */,
				7TC1SC82BW7KXTW8IGISH3ET /* EReg.h */,
				2DZRV8JEKVPWLJ67HU2LB8UN /* Hash.m */,
				B8VZ140NDLVEFSVX2NZRO7VN /* Hash.h */,
				FJWVVR3B4MECMMXL252UQAMD /* IntHash.m */,
				DQE1Z7LZU9WK2AUREXZNEJ4G /* IntHash.h */,
				G9RLRH1AUCV60EWVTP9HJCUB /* IntIterator.m */,
				3RYTKWJ0GZH69PZ2D9CE8983 /* IntIterator.h */,
				6G2DW599HIG6ESF4JZT10NW8 /* Lambda.m */,
				U3TFX6EDER9QBZJMOGSMRWM8 /* Lambda.h */,
				OFMDWJXM8WQWUMKP7R0AA52Q /* List.m */,
				B0949IJL0CDFN3HJDQWT4UTG /* List.h */,
				OLEP4GCREPBIFNQISPG4GV90 /* Reflect.m */,
				T5QP1VHI10DM47WLMCW3EUVN /* Reflect.h */,
				8CGPOCDCFDE3LTKPPCYITLM3 /* Std.m */,
				03LLMNXLWIGZ4O81HZONMIG0 /* Std.h */,
				M1EVCZD6EDU0JWCZ7P3JGAUC /* String.m */,
				8RERBIS18GNZAY3ZAT3U4H1I /* String.h */,
				WNKMSDFNHL7TLXDIP7YKN223 /* StringBuf.m */,
				P7G5CY18APU1MUUVESJJMKMT /* StringBuf.h */,
				XSBWT73KIK4XU9D5W380BQTP /* StringTools.m */,
				5XS9TXBX8A6SLX1YKKOW790J /* StringTools.h */,
				05KVHJ6TC6W0UY6P794OTGAU /* Sys.m */,
				T8RKNQAMS9X3M5C8OQFUMVWF /* Sys.h */,
				9LT400G3TCEX94GW6VI0XAD0 /* TestC.m */,
				ONXCTK7KVLPISWD7GTF5MPU3 /* TestC.h */,
				417YF1TH69UV6AG2RCPNBRCE /* TestHaxePack.m */,
				0ZC1IIUVRG3V5G32SLJQQEKY /* TestHaxePack.h */,
				9NEHXGW8SMYIXNKJOROB6BX1 /* Tests.m */,
				LYL8HLVCIYFRURBSN76IH262 /* Tests3.m */,
				OU5KFH5X5CBXU3X9RBB92F17 /* Type.m */,
				78MGFFOHPZ9QMNSP9I7JLXYL /* haxe/ */,
				DREA5MMCRT95DCLFF7S9D03B /* objc/ */,
				BPSUCI53SS0QFIEEGEV9Q8LQ /* sys/io/ */,
				TU3K4RTG3WQFKY1GGZY4RAZV /* Supporting Files */,
			);
			path = Tests;
			sourceTree = "<group>";
		};
		TU3K4RTG3WQFKY1GGZY4RAZV /* Supporting Files */ = {
			isa = PBXGroup;
			children = (
				90I0SS6OO4DWMR0U5M37H3BW /* Tests-Info.plist */,
				WOBWF3D7OQ049PD16ESHU8CF /* InfoPlist.strings */,
				OH41RRYTYE1BYBH5GZXDJUF1 /* main.m */,
				BEBI2JH8MVE3USN6SB6JNKMN /* Tests-Prefix.pch */,
			);
			name = "Supporting Files";
			sourceTree = "<group>";
		};
		05DATQI397XJJV6KSGBMYCCH /* TestsTests */ = {
			isa = PBXGroup;
			children = (
				/* 28BFDA091628A95900882B34 TestsTests.h ,*/
				/* 28BFDA0A1628A95900882B34 TestsTests.m ,*/
				AH66HFSRG791PTDEYF36SSJ3 /* Supporting Files */,
			);
			path = TestsTests;
			sourceTree = "<group>";
		};
		AH66HFSRG791PTDEYF36SSJ3 /* Supporting Files */ = {
			isa = PBXGroup;
			children = (
				/* 28BFDA051628A95900882B34 TestsTests-Info.plist ,*/
				ZTSQPSYZIMBVHM864ZQ05Y8A /* InfoPlist.strings */,
			);
			name = "Supporting Files";
			sourceTree = "<group>";
		};
/* End PBXGroup section */

/* Begin PBXNativeTarget section */
		3IJWONES2E5HZCTN08W4ZYW0 /* Tests */ = {
			isa = PBXNativeTarget;
			buildConfigurationList = O22QTUIJH33BGR942V7502Y4 /* Build configuration list for PBXNativeTarget "Tests" */;
			buildPhases = (
				F7POJFKI67SLDWRVRYFTIKB8 /* Sources */,
				6MUKOFIU95QEO0FN8KWB2ZZ9 /* Frameworks */,
				5TXN7HDBQ3ZWVR0LRN0SEFL6 /* Resources */,
			);
			buildRules = (
			);
			dependencies = (
			);
			name = Tests;
			productName = Tests;
			productReference = 98FLOEC7OBAFCYL5Z3XR5L2M /* Tests.app */;
			productType = "com.apple.product-type.application";
		};
		R9QVFRRMM4LD6Q9PUSXSHUNA /* TestsTests */ = {
			isa = PBXNativeTarget;
			buildConfigurationList = 4ZVFKS4XPCEMJ5TR1A23RRKE /* Build configuration list for PBXNativeTarget "TestsTests" */;
			buildPhases = (
				5G4T5JCJEWFMFYPOVZIGL5BZ /* Sources */,
				7STOQAYJV9S6TVD0Y1Y55BOI /* Frameworks */,
				V07Z7A7XH1W94HR42EHGEHPN /* Resources */,
				PW39UVP1UG2V7JVV5V6O8P3Q /* ShellScript */,
			);
			buildRules = (
			);
			dependencies = (
				T22SZYIDBV32HYR0D9FX6XUD /* PBXTargetDependency */,
			);
			name = TestsTests;
			productName = TestsTests;
			productReference = ZZTU0JSBXL2RTZYOOOM54QIE /* TestsTests.octest */;
			productType = "com.apple.product-type.bundle";
		};
/* End PBXNativeTarget section */

/* Begin PBXProject section */
		3XJDWTBPV92EQT2BY81MH9OQ /* Project object */ = {
			isa = PBXProject;
			attributes = {
				LastUpgradeCheck = 0450;
				ORGANIZATIONNAME = "You";
			};
			buildConfigurationList = CMV1V3LTSXY04HGYG64SMQ07 /* Build configuration list for PBXProject "Tests" */;
			compatibilityVersion = "Xcode 3.2";
			developmentRegion = English;
			hasScannedForEncodings = 0;
			knownRegions = (
				en,
			);
			mainGroup = GDI2J3OPWYD2SAX35L8YSPRR;
			productRefGroup = AKTZVKJIREFWPMHM14VUEYEH /* Products */;
			projectDirPath = "";
			projectRoot = "";
			targets = (
				3IJWONES2E5HZCTN08W4ZYW0 /* Tests */,
				R9QVFRRMM4LD6Q9PUSXSHUNA /* TestsTests */,
			);
		};
/* End PBXProject section */

/* Begin PBXResourcesBuildPhase section */
		5TXN7HDBQ3ZWVR0LRN0SEFL6 /* Resources */ = {
			isa = PBXResourcesBuildPhase;
			buildActionMask = 2147483647;
			files = (
				I099F6C2WH0NZEHO4EFSOWRR /* InfoPlist.strings in Resources */,
		728QQ4807N7KUVRC1J1ZNDYO /* haxe/ in Resoures */,
		B6FZFUZFUITFAY6JBDR6ZUPP /* objc/ in Resoures */,
		7FI2I094IWMM7W0DLPULDIYB /* sys/io/ in Resoures */,
			);
			runOnlyForDeploymentPostprocessing = 0;
		};
		V07Z7A7XH1W94HR42EHGEHPN /* Resources */ = {
			isa = PBXResourcesBuildPhase;
			buildActionMask = 2147483647;
			files = (
				2LWVN9J65ZW37JK6EQK4ETC6 /* InfoPlist.strings in Resources */,
			);
			runOnlyForDeploymentPostprocessing = 0;
		};
/* End PBXResourcesBuildPhase section */

/* Begin PBXShellScriptBuildPhase section */
		PW39UVP1UG2V7JVV5V6O8P3Q /* ShellScript */ = {
			isa = PBXShellScriptBuildPhase;
			buildActionMask = 2147483647;
			files = (
			);
			inputPaths = (
			);
			outputPaths = (
			);
			runOnlyForDeploymentPostprocessing = 0;
			shellPath = /bin/sh;
			shellScript = "# Run the unit tests in this test bundle.\
\"${SYSTEM_DEVELOPER_DIR}/Tools/RunUnitTests\"\
";
		};
/* End PBXShellScriptBuildPhase section */

/* Begin PBXSourcesBuildPhase section */
		F7POJFKI67SLDWRVRYFTIKB8 /* Sources */ = {
			isa = PBXSourcesBuildPhase;
			buildActionMask = 2147483647;
			files = (
JFX8RZ0Y3VH8FT03BOFZ4OAG /* main.m in Sources */,
				653YZDRP5L58Y4XAMZIDWFC1 /* Array.m in Sources */,
				K2ZFCTSARPI5J0ARM9KY00IF /* Date.m in Sources */,
				DEPFNXO1TDJLSZRX1FG4TZOF /* DateTools.m in Sources */,
				NJ6PLM6SRGW5HOKH3P4132Y9 /* EReg.m in Sources */,
				OQVVQR0X9KK7LGL1HKX6QP84 /* Hash.m in Sources */,
				39G8BR8C0VMJ5IRVIIGL6B9N /* IntHash.m in Sources */,
				U2BVPQWTI1JL60EIUF2R64XI /* IntIterator.m in Sources */,
				O0S82GQML5M84ULU8UI4SX0W /* Lambda.m in Sources */,
				QSBESCKVJJ09EJ6CAMR3Z2MF /* List.m in Sources */,
				IRHXT89SMVF2J1KHQTKQOUFF /* Reflect.m in Sources */,
				ADCL9PDU4T9L73YYBMOQHKLD /* Std.m in Sources */,
				I56V0T16L1HCNQMAF1SVUOLC /* String.m in Sources */,
				FAS1MANPDFT60003A6LUDPVF /* StringBuf.m in Sources */,
				R9A3YXAF9ZNF8AFCT5KFR9J5 /* StringTools.m in Sources */,
				AZQMT2RLZGWJ4QRH8WEVDVDY /* Sys.m in Sources */,
				KPTTY8JY63H4IC5L1DN44RBA /* TestC.m in Sources */,
				BRW7YRPIACJOR0LHUV56BWZY /* TestHaxePack.m in Sources */,
				CY337HAM6AFK189QUE7V51RA /* Tests.m in Sources */,
				M7ZOZ8GIY4KLKZEP7SZ1LNF7 /* Tests3.m in Sources */,
				JLE6STC8X5R951F5C9N8VNJX /* Type.m in Sources */,
				1Y4KNK4L6JMLMPYGZ2W1QPMC /* haxe/CallStack.m in Sources */,
				CRZSFKABVH5UHA7DX3QFYTMC /* haxe/FastList.m in Sources */,
				PRR699X52HJSVX4WGNTJCK99 /* haxe/Json.m in Sources */,
				O2DRRZHJ06DUYBQJGWPEFQUD /* haxe/Log.m in Sources */,
				L5UOYX7A9LKV31A4WF7U6I95 /* haxe/Resource.m in Sources */,
				HWLDT7853YMRXWS8ZQ2XCE3H /* haxe/Serializer.m in Sources */,
				OO0OQM7QE671OIDN2RMXAYM4 /* haxe/Template.m in Sources */,
				I5GC4ALVYCS5WQYNJG3E4E0N /* haxe/Timer.m in Sources */,
				8IABSK0YODJLJHQQPBQRUSUZ /* haxe/Unserializer.m in Sources */,
				QCVU6P58C494O5RCN6PXL9KS /* haxe/crypto/Md5.m in Sources */,
				94Q0YXPAO5JYICORWCAXG0BP /* haxe/crypto/Sha1.m in Sources */,
				S5M3A9P2RTMS99RZUR5ETWUB /* haxe/io/Bytes.m in Sources */,
				XXTYY3BCOMRCVTANGKHXZ4P1 /* haxe/io/BytesBuffer.m in Sources */,
				AUL3F7QYT43XQNOAXUG4LPB9 /* haxe/io/Eof.m in Sources */,
				89V0P30HBP3ISNXLBXBLAR7R /* haxe/io/Input.m in Sources */,
				P38K09J6TTZZEK8OXM646AEO /* haxe/io/Output.m in Sources */,
				UB6VARWKBRIDZBOMXUWHLD6Q /* objc/Lib.m in Sources */,
				YWSFV31XYM7F2S4GCE5OS4R2 /* sys/io/FileInput.m in Sources */,
				A4TLXEHP6Q773RIWBP81BDRQ /* sys/io/FileOutput.m in Sources */,
			);
			runOnlyForDeploymentPostprocessing = 0;
		};
		5G4T5JCJEWFMFYPOVZIGL5BZ /* Sources */ = {
			isa = PBXSourcesBuildPhase;
			buildActionMask = 2147483647;
			files = (
				/* 28BFDA0B1628A95900882B34  TestsTests.m in Sources ,*/
			);
			runOnlyForDeploymentPostprocessing = 0;
		};
/* End PBXSourcesBuildPhase section */

/* Begin PBXTargetDependency section */
		T22SZYIDBV32HYR0D9FX6XUD /* PBXTargetDependency */ = {
			isa = PBXTargetDependency;
			target = 3IJWONES2E5HZCTN08W4ZYW0 /* Tests */;
			targetProxy = YC95R0OWJS9IL8QWB8SLR0O2 /* PBXContainerItemProxy */;
		};
/* End PBXTargetDependency section */

/* Begin PBXVariantGroup section */
		WOBWF3D7OQ049PD16ESHU8CF /* InfoPlist.strings */ = {
			isa = PBXVariantGroup;
			children = (
				TBMTJUBNYXA17SBX7UYUZII0 /* en */,
			);
			name = InfoPlist.strings;
			sourceTree = "<group>";
		};
		ZTSQPSYZIMBVHM864ZQ05Y8A /* InfoPlist.strings */ = {
			isa = PBXVariantGroup;
			children = (
				U9M5P3KUT3D7SXHG2GDTNUMY /* en */,
			);
			name = InfoPlist.strings;
			sourceTree = "<group>";
		};
/* End PBXVariantGroup section */

/* Begin XCBuildConfiguration section */
		21URNJHD78JQ8NOHQDE2PTFT /* Debug */ = {
			isa = XCBuildConfiguration;
			buildSettings = {
				ALWAYS_SEARCH_USER_PATHS = NO;
				CLANG_CXX_LANGUAGE_STANDARD = "gnu++0x";
				CLANG_CXX_LIBRARY = "libc++";
				CLANG_ENABLE_OBJC_ARC = YES;
				CLANG_WARN_EMPTY_BODY = YES;
				CLANG_WARN__DUPLICATE_METHOD_MATCH = YES;
				"CODE_SIGN_IDENTITY[sdk=iphoneos*]" = "iPhone Developer";
				COPY_PHASE_STRIP = NO;
				GCC_C_LANGUAGE_STANDARD = gnu99;
				GCC_DYNAMIC_NO_PIC = NO;
				GCC_OPTIMIZATION_LEVEL = 0;
				GCC_PREPROCESSOR_DEFINITIONS = (
					"DEBUG=1",
					"$(inherited)",
				);
				GCC_SYMBOLS_PRIVATE_EXTERN = NO;
				GCC_WARN_ABOUT_RETURN_TYPE = YES;
				GCC_WARN_UNINITIALIZED_AUTOS = YES;
				GCC_WARN_UNUSED_VARIABLE = YES;
				IPHONEOS_DEPLOYMENT_TARGET = 6.0;
				ONLY_ACTIVE_ARCH = YES;
				SDKROOT = iphoneos;
			};
			name = Debug;
		};
		GT4X36N5COHZ1U8W7BBBRBON /* Release */ = {
			isa = XCBuildConfiguration;
			buildSettings = {
				ALWAYS_SEARCH_USER_PATHS = NO;
				CLANG_CXX_LANGUAGE_STANDARD = "gnu++0x";
				CLANG_CXX_LIBRARY = "libc++";
				CLANG_ENABLE_OBJC_ARC = YES;
				CLANG_WARN_EMPTY_BODY = YES;
				CLANG_WARN__DUPLICATE_METHOD_MATCH = YES;
				"CODE_SIGN_IDENTITY[sdk=iphoneos*]" = "iPhone Developer";
				COPY_PHASE_STRIP = YES;
				GCC_C_LANGUAGE_STANDARD = gnu99;
				GCC_WARN_ABOUT_RETURN_TYPE = YES;
				GCC_WARN_UNINITIALIZED_AUTOS = YES;
				GCC_WARN_UNUSED_VARIABLE = YES;
				IPHONEOS_DEPLOYMENT_TARGET = 6.0;
				OTHER_CFLAGS = "-DNS_BLOCK_ASSERTIONS=1";
				SDKROOT = iphoneos;
				VALIDATE_PRODUCT = YES;
			};
			name = Release;
		};
		07SAK7ZPQWKHT36KVOO7BHJP /* Debug */ = {
			isa = XCBuildConfiguration;
			buildSettings = {
				CODE_SIGN_IDENTITY = "iPhone Developer";
				GCC_PRECOMPILE_PREFIX_HEADER = YES;
				GCC_PREFIX_HEADER = "Tests/Tests-Prefix.pch";
				INFOPLIST_FILE = "Tests/Tests-Info.plist";
				PRODUCT_NAME = "$(TARGET_NAME)";
				PROVISIONING_PROFILE = "";
				WRAPPER_EXTENSION = app;
			};
			name = Debug;
		};
		4ADILO71FY483VSBRPW53LL4 /* Release */ = {
			isa = XCBuildConfiguration;
			buildSettings = {
				GCC_PRECOMPILE_PREFIX_HEADER = YES;
				GCC_PREFIX_HEADER = "Tests/Tests-Prefix.pch";
				INFOPLIST_FILE = "Tests/Tests-Info.plist";
				PRODUCT_NAME = "$(TARGET_NAME)";
				WRAPPER_EXTENSION = app;
			};
			name = Release;
		};
		PJSJSU7H6R5TR7PAUOSULHBF /* Debug */ = {
			isa = XCBuildConfiguration;
			buildSettings = {
				BUNDLE_LOADER = "$(BUILT_PRODUCTS_DIR)/Tests.app/Tests";
				FRAMEWORK_SEARCH_PATHS = (
					"\"$(SDKROOT)/Developer/Library/Frameworks\"",
					"\"$(DEVELOPER_LIBRARY_DIR)/Frameworks\"",
				);
				GCC_PRECOMPILE_PREFIX_HEADER = YES;
				GCC_PREFIX_HEADER = "Tests/Tests-Prefix.pch";
				INFOPLIST_FILE = "TestsTests/TestsTests-Info.plist";
				PRODUCT_NAME = "$(TARGET_NAME)";
				TEST_HOST = "$(BUNDLE_LOADER)";
				WRAPPER_EXTENSION = octest;
			};
			name = Debug;
		};
		HG4ETPYB3BU6LRBDIY0NKHFD /* Release */ = {
			isa = XCBuildConfiguration;
			buildSettings = {
				BUNDLE_LOADER = "$(BUILT_PRODUCTS_DIR)/Tests.app/Tests";
				FRAMEWORK_SEARCH_PATHS = (
					"\"$(SDKROOT)/Developer/Library/Frameworks\"",
					"\"$(DEVELOPER_LIBRARY_DIR)/Frameworks\"",
				);
				GCC_PRECOMPILE_PREFIX_HEADER = YES;
				GCC_PREFIX_HEADER = "Tests/Tests-Prefix.pch";
				INFOPLIST_FILE = "TestsTests/TestsTests-Info.plist";
				PRODUCT_NAME = "$(TARGET_NAME)";
				TEST_HOST = "$(BUNDLE_LOADER)";
				WRAPPER_EXTENSION = octest;
			};
			name = Release;
		};
/* End XCBuildConfiguration section */

/* Begin XCConfigurationList section */
		CMV1V3LTSXY04HGYG64SMQ07 /* Build configuration list for PBXProject "Tests" */ = {
			isa = XCConfigurationList;
			buildConfigurations = (
				21URNJHD78JQ8NOHQDE2PTFT /* Debug */,
				GT4X36N5COHZ1U8W7BBBRBON /* Release */,
			);
			defaultConfigurationIsVisible = 0;
			defaultConfigurationName = Release;
		};
		O22QTUIJH33BGR942V7502Y4 /* Build configuration list for PBXNativeTarget "Tests" */ = {
			isa = XCConfigurationList;
			buildConfigurations = (
				07SAK7ZPQWKHT36KVOO7BHJP /* Debug */,
				4ADILO71FY483VSBRPW53LL4 /* Release */,
			);
			defaultConfigurationIsVisible = 0;
			defaultConfigurationName = Release;
		};
		4ZVFKS4XPCEMJ5TR1A23RRKE /* Build configuration list for PBXNativeTarget "TestsTests" */ = {
			isa = XCConfigurationList;
			buildConfigurations = (
				PJSJSU7H6R5TR7PAUOSULHBF /* Debug */,
				HG4ETPYB3BU6LRBDIY0NKHFD /* Release */,
			);
			defaultConfigurationIsVisible = 0;
			defaultConfigurationName = Release;
		};
/* End XCConfigurationList section */
	};
	rootObject = 3XJDWTBPV92EQT2BY81MH9OQ /* Project object */;
}
